// !$*UTF8*$!
{
	archiveVersion = 1;
	classes = {
	};
	objectVersion = 46;
	objects = {

/* Begin PBXBuildFile section */
		4757E533F1AB3CC390549063 /* Pods_LiftrackerUITests.framework in Frameworks */ = {isa = PBXBuildFile; fileRef = 53A9E45D9877A0CB88044751 /* Pods_LiftrackerUITests.framework */; };
		522F03FA1DADD0F000560EBF /* JudgePool.swift in Sources */ = {isa = PBXBuildFile; fileRef = 52E1DF2D1DADC98D00269460 /* JudgePool.swift */; };
		522F03FB1DADD10000560EBF /* Judge.swift in Sources */ = {isa = PBXBuildFile; fileRef = 52E1DF2B1DADC65500269460 /* Judge.swift */; };
		522F03FE1DADDFB700560EBF /* SectionedResult.swift in Sources */ = {isa = PBXBuildFile; fileRef = 522F03FD1DADDFB700560EBF /* SectionedResult.swift */; };
		52375BB31E6241770052E119 /* Promise+Applicative.swift in Sources */ = {isa = PBXBuildFile; fileRef = 52375BB01E6241770052E119 /* Promise+Applicative.swift */; };
		52375BB51E6241770052E119 /* Promise+Functor.swift in Sources */ = {isa = PBXBuildFile; fileRef = 52375BB11E6241770052E119 /* Promise+Functor.swift */; };
		52375BB71E6241770052E119 /* Promise+Monad.swift in Sources */ = {isa = PBXBuildFile; fileRef = 52375BB21E6241770052E119 /* Promise+Monad.swift */; };
		52375BBE1E6248610052E119 /* Promise+FunctorTests.swift in Sources */ = {isa = PBXBuildFile; fileRef = 52375BBD1E6248610052E119 /* Promise+FunctorTests.swift */; };
		52375BC01E6249D90052E119 /* FunctionalTestBase.swift in Sources */ = {isa = PBXBuildFile; fileRef = 52375BBF1E6249D90052E119 /* FunctionalTestBase.swift */; };
		52375BC41E62935D0052E119 /* VersionUtil.swift in Sources */ = {isa = PBXBuildFile; fileRef = 52375BC31E62935D0052E119 /* VersionUtil.swift */; };
		52375BC61E634A130052E119 /* WorkoutTableViewController.swift in Sources */ = {isa = PBXBuildFile; fileRef = 52375BC51E634A130052E119 /* WorkoutTableViewController.swift */; };
		52470E491E50FC2F00E54878 /* AppAction.swift in Sources */ = {isa = PBXBuildFile; fileRef = 52470E481E50FC2F00E54878 /* AppAction.swift */; };
		52470E4C1E50FF9F00E54878 /* AppActions.swift in Sources */ = {isa = PBXBuildFile; fileRef = 52470E4B1E50FF9F00E54878 /* AppActions.swift */; };
		52470E4E1E51047F00E54878 /* FirstLaunchAction.swift in Sources */ = {isa = PBXBuildFile; fileRef = 52470E4D1E51047F00E54878 /* FirstLaunchAction.swift */; };
		52470E501E51076D00E54878 /* PreferencesUtil.swift in Sources */ = {isa = PBXBuildFile; fileRef = 52470E4F1E51076D00E54878 /* PreferencesUtil.swift */; };
		52470E531E5107A200E54878 /* Preference.swift in Sources */ = {isa = PBXBuildFile; fileRef = 52470E521E5107A200E54878 /* Preference.swift */; };
		52470E551E5107CC00E54878 /* PreferenceStore.swift in Sources */ = {isa = PBXBuildFile; fileRef = 52470E541E5107CC00E54878 /* PreferenceStore.swift */; };
		52470E571E51081C00E54878 /* LiftrackerPreferences.swift in Sources */ = {isa = PBXBuildFile; fileRef = 52470E561E51081C00E54878 /* LiftrackerPreferences.swift */; };
		52470E5A1E510A0F00E54878 /* SetDefaultsAction.swift in Sources */ = {isa = PBXBuildFile; fileRef = 52470E591E510A0F00E54878 /* SetDefaultsAction.swift */; };
		52838CAB1DF4AC1000A940BA /* HomeViewController.swift in Sources */ = {isa = PBXBuildFile; fileRef = 52838CAA1DF4AC1000A940BA /* HomeViewController.swift */; };
		52841AF91E638CF300489ADF /* Schedule.swift in Sources */ = {isa = PBXBuildFile; fileRef = 52841AF81E638CF300489ADF /* Schedule.swift */; };
		52841AFA1E638DE300489ADF /* Schedule.swift in Sources */ = {isa = PBXBuildFile; fileRef = 52841AF81E638CF300489ADF /* Schedule.swift */; };
		52841AFD1E6476C900489ADF /* Liftracker2Model.xcdatamodeld in Sources */ = {isa = PBXBuildFile; fileRef = 52841AFB1E6476C900489ADF /* Liftracker2Model.xcdatamodeld */; };
		52841B001E647C6700489ADF /* CoreDataManager.swift in Sources */ = {isa = PBXBuildFile; fileRef = 52841AFF1E647C6700489ADF /* CoreDataManager.swift */; };
		52841B041E6E491000489ADF /* AddWorkoutViewController.swift in Sources */ = {isa = PBXBuildFile; fileRef = 52841B031E6E491000489ADF /* AddWorkoutViewController.swift */; };
		52BAB07C1D8F5DCB0051B064 /* AppDelegate.swift in Sources */ = {isa = PBXBuildFile; fileRef = 52BAB07B1D8F5DCB0051B064 /* AppDelegate.swift */; };
		52BAB0811D8F5DCB0051B064 /* Main.storyboard in Resources */ = {isa = PBXBuildFile; fileRef = 52BAB07F1D8F5DCB0051B064 /* Main.storyboard */; };
		52BAB0861D8F5DCB0051B064 /* LaunchScreen.storyboard in Resources */ = {isa = PBXBuildFile; fileRef = 52BAB0841D8F5DCB0051B064 /* LaunchScreen.storyboard */; };
		52BAB0911D8F5DCB0051B064 /* LiftrackerTests.swift in Sources */ = {isa = PBXBuildFile; fileRef = 52BAB0901D8F5DCB0051B064 /* LiftrackerTests.swift */; };
		52BAB09C1D8F5DCB0051B064 /* LiftrackerUITests.swift in Sources */ = {isa = PBXBuildFile; fileRef = 52BAB09B1D8F5DCB0051B064 /* LiftrackerUITests.swift */; };
		52BAB0C61D8F728D0051B064 /* ScheduleUtil.swift in Sources */ = {isa = PBXBuildFile; fileRef = 52BAB0C51D8F728D0051B064 /* ScheduleUtil.swift */; };
		52BAB0C81D8F78C40051B064 /* ScheduleTests.swift in Sources */ = {isa = PBXBuildFile; fileRef = 52BAB0C71D8F78C40051B064 /* ScheduleTests.swift */; };
		52BAB0C91D8F7B700051B064 /* ScheduleUtil.swift in Sources */ = {isa = PBXBuildFile; fileRef = 52BAB0C51D8F728D0051B064 /* ScheduleUtil.swift */; };
		52CC556F1DAAA609004211E6 /* Assets.xcassets in Resources */ = {isa = PBXBuildFile; fileRef = 52BAB0821D8F5DCB0051B064 /* Assets.xcassets */; };
		52DE4BC91E6E60AF004B07EE /* Exercice+BaseRow.swift in Sources */ = {isa = PBXBuildFile; fileRef = 52DE4BC81E6E60AF004B07EE /* Exercice+BaseRow.swift */; };
		52E1DF1A1DAAA6D700269460 /* LiftrackerNotification.swift in Sources */ = {isa = PBXBuildFile; fileRef = 52E1DF191DAAA6D700269460 /* LiftrackerNotification.swift */; };
		52E1DF1C1DAAEBAF00269460 /* WorkoutNotification.swift in Sources */ = {isa = PBXBuildFile; fileRef = 52E1DF1B1DAAEBAF00269460 /* WorkoutNotification.swift */; };
		52E1DF1E1DAB193500269460 /* AnalyticsUtil.swift in Sources */ = {isa = PBXBuildFile; fileRef = 52E1DF1D1DAB193500269460 /* AnalyticsUtil.swift */; };
		52E1DF211DAB389000269460 /* AnalystProtocols.swift in Sources */ = {isa = PBXBuildFile; fileRef = 52E1DF201DAB389000269460 /* AnalystProtocols.swift */; };
		52E1DF261DAB4FEB00269460 /* GroupAnalyst.swift in Sources */ = {isa = PBXBuildFile; fileRef = 52E1DF251DAB4FEB00269460 /* GroupAnalyst.swift */; };
		52E1DF281DAB502C00269460 /* PieChartArtist.swift in Sources */ = {isa = PBXBuildFile; fileRef = 52E1DF271DAB502C00269460 /* PieChartArtist.swift */; };
		52E1DF2C1DADC65500269460 /* Judge.swift in Sources */ = {isa = PBXBuildFile; fileRef = 52E1DF2B1DADC65500269460 /* Judge.swift */; };
		52E1DF2E1DADC98D00269460 /* JudgePool.swift in Sources */ = {isa = PBXBuildFile; fileRef = 52E1DF2D1DADC98D00269460 /* JudgePool.swift */; };
		52E1DF2F1DADCBCC00269460 /* LoggingUtil.swift in Sources */ = {isa = PBXBuildFile; fileRef = 52F5A2231DAAA1D2005CB27B /* LoggingUtil.swift */; };
		52E1DF301DADCBD100269460 /* FileUtil.swift in Sources */ = {isa = PBXBuildFile; fileRef = 52F5A2251DAAA2D6005CB27B /* FileUtil.swift */; };
		52EB95411DB1306600B01799 /* SwiftyLogger.swift in Sources */ = {isa = PBXBuildFile; fileRef = 52EB95401DB1306600B01799 /* SwiftyLogger.swift */; };
		52F5A21C1DA93EF0005CB27B /* NotificationUtil.swift in Sources */ = {isa = PBXBuildFile; fileRef = 52F5A21B1DA93EF0005CB27B /* NotificationUtil.swift */; };
		52F5A21F1DA9446F005CB27B /* ReflectionUtil.swift in Sources */ = {isa = PBXBuildFile; fileRef = 52F5A21E1DA9446F005CB27B /* ReflectionUtil.swift */; };
		52F5A2211DA95275005CB27B /* ReflectionTests.swift in Sources */ = {isa = PBXBuildFile; fileRef = 52F5A2201DA95275005CB27B /* ReflectionTests.swift */; };
		52F5A2221DA95524005CB27B /* ReflectionUtil.swift in Sources */ = {isa = PBXBuildFile; fileRef = 52F5A21E1DA9446F005CB27B /* ReflectionUtil.swift */; };
		52F5A2241DAAA1D2005CB27B /* LoggingUtil.swift in Sources */ = {isa = PBXBuildFile; fileRef = 52F5A2231DAAA1D2005CB27B /* LoggingUtil.swift */; };
		52F5A2261DAAA2D6005CB27B /* FileUtil.swift in Sources */ = {isa = PBXBuildFile; fileRef = 52F5A2251DAAA2D6005CB27B /* FileUtil.swift */; };
		52F5A2281DAAA528005CB27B /* BaseUtil.swift in Sources */ = {isa = PBXBuildFile; fileRef = 52F5A2271DAAA528005CB27B /* BaseUtil.swift */; };
		52F5A2291DAAA584005CB27B /* BaseUtil.swift in Sources */ = {isa = PBXBuildFile; fileRef = 52F5A2271DAAA528005CB27B /* BaseUtil.swift */; };
		99A29AAC44E190BFAF28FC20 /* Pods_Liftracker.framework in Frameworks */ = {isa = PBXBuildFile; fileRef = B983B5DB6C47BE4DE1A7E0B9 /* Pods_Liftracker.framework */; };
		E34FFE886250E6EA84E495B1 /* Pods_LiftrackerTests.framework in Frameworks */ = {isa = PBXBuildFile; fileRef = 8CD7FE95380F4CF4C80F64BE /* Pods_LiftrackerTests.framework */; };
/* End PBXBuildFile section */

/* Begin PBXContainerItemProxy section */
		52BAB08D1D8F5DCB0051B064 /* PBXContainerItemProxy */ = {
			isa = PBXContainerItemProxy;
			containerPortal = 52BAB0701D8F5DCB0051B064 /* Project object */;
			proxyType = 1;
			remoteGlobalIDString = 52BAB0771D8F5DCB0051B064;
			remoteInfo = Liftracker;
		};
		52BAB0981D8F5DCB0051B064 /* PBXContainerItemProxy */ = {
			isa = PBXContainerItemProxy;
			containerPortal = 52BAB0701D8F5DCB0051B064 /* Project object */;
			proxyType = 1;
			remoteGlobalIDString = 52BAB0771D8F5DCB0051B064;
			remoteInfo = Liftracker;
		};
/* End PBXContainerItemProxy section */

/* Begin PBXFileReference section */
		522F03FD1DADDFB700560EBF /* SectionedResult.swift */ = {isa = PBXFileReference; fileEncoding = 4; lastKnownFileType = sourcecode.swift; path = SectionedResult.swift; sourceTree = "<group>"; };
		52375BB01E6241770052E119 /* Promise+Applicative.swift */ = {isa = PBXFileReference; fileEncoding = 4; lastKnownFileType = sourcecode.swift; path = "Promise+Applicative.swift"; sourceTree = "<group>"; };
		52375BB11E6241770052E119 /* Promise+Functor.swift */ = {isa = PBXFileReference; fileEncoding = 4; lastKnownFileType = sourcecode.swift; path = "Promise+Functor.swift"; sourceTree = "<group>"; };
		52375BB21E6241770052E119 /* Promise+Monad.swift */ = {isa = PBXFileReference; fileEncoding = 4; lastKnownFileType = sourcecode.swift; path = "Promise+Monad.swift"; sourceTree = "<group>"; };
		52375BBD1E6248610052E119 /* Promise+FunctorTests.swift */ = {isa = PBXFileReference; fileEncoding = 4; lastKnownFileType = sourcecode.swift; path = "Promise+FunctorTests.swift"; sourceTree = "<group>"; };
		52375BBF1E6249D90052E119 /* FunctionalTestBase.swift */ = {isa = PBXFileReference; fileEncoding = 4; lastKnownFileType = sourcecode.swift; path = FunctionalTestBase.swift; sourceTree = "<group>"; };
		52375BC31E62935D0052E119 /* VersionUtil.swift */ = {isa = PBXFileReference; fileEncoding = 4; lastKnownFileType = sourcecode.swift; path = VersionUtil.swift; sourceTree = "<group>"; };
		52375BC51E634A130052E119 /* WorkoutTableViewController.swift */ = {isa = PBXFileReference; fileEncoding = 4; lastKnownFileType = sourcecode.swift; path = WorkoutTableViewController.swift; sourceTree = "<group>"; };
		52470E481E50FC2F00E54878 /* AppAction.swift */ = {isa = PBXFileReference; fileEncoding = 4; lastKnownFileType = sourcecode.swift; path = AppAction.swift; sourceTree = "<group>"; };
		52470E4B1E50FF9F00E54878 /* AppActions.swift */ = {isa = PBXFileReference; fileEncoding = 4; lastKnownFileType = sourcecode.swift; path = AppActions.swift; sourceTree = "<group>"; };
		52470E4D1E51047F00E54878 /* FirstLaunchAction.swift */ = {isa = PBXFileReference; fileEncoding = 4; lastKnownFileType = sourcecode.swift; path = FirstLaunchAction.swift; sourceTree = "<group>"; };
		52470E4F1E51076D00E54878 /* PreferencesUtil.swift */ = {isa = PBXFileReference; fileEncoding = 4; lastKnownFileType = sourcecode.swift; path = PreferencesUtil.swift; sourceTree = "<group>"; };
		52470E521E5107A200E54878 /* Preference.swift */ = {isa = PBXFileReference; fileEncoding = 4; lastKnownFileType = sourcecode.swift; path = Preference.swift; sourceTree = "<group>"; };
		52470E541E5107CC00E54878 /* PreferenceStore.swift */ = {isa = PBXFileReference; fileEncoding = 4; lastKnownFileType = sourcecode.swift; path = PreferenceStore.swift; sourceTree = "<group>"; };
		52470E561E51081C00E54878 /* LiftrackerPreferences.swift */ = {isa = PBXFileReference; fileEncoding = 4; lastKnownFileType = sourcecode.swift; path = LiftrackerPreferences.swift; sourceTree = "<group>"; };
		52470E591E510A0F00E54878 /* SetDefaultsAction.swift */ = {isa = PBXFileReference; fileEncoding = 4; lastKnownFileType = sourcecode.swift; path = SetDefaultsAction.swift; sourceTree = "<group>"; };
		52838CAA1DF4AC1000A940BA /* HomeViewController.swift */ = {isa = PBXFileReference; fileEncoding = 4; lastKnownFileType = sourcecode.swift; path = HomeViewController.swift; sourceTree = "<group>"; };
		52841AF81E638CF300489ADF /* Schedule.swift */ = {isa = PBXFileReference; fileEncoding = 4; lastKnownFileType = sourcecode.swift; path = Schedule.swift; sourceTree = "<group>"; };
		52841AFC1E6476C900489ADF /* Liftracker2Model.xcdatamodel */ = {isa = PBXFileReference; lastKnownFileType = wrapper.xcdatamodel; path = Liftracker2Model.xcdatamodel; sourceTree = "<group>"; };
		52841AFF1E647C6700489ADF /* CoreDataManager.swift */ = {isa = PBXFileReference; fileEncoding = 4; lastKnownFileType = sourcecode.swift; path = CoreDataManager.swift; sourceTree = "<group>"; };
		52841B031E6E491000489ADF /* AddWorkoutViewController.swift */ = {isa = PBXFileReference; fileEncoding = 4; lastKnownFileType = sourcecode.swift; path = AddWorkoutViewController.swift; sourceTree = "<group>"; };
		52BAB0781D8F5DCB0051B064 /* Liftracker.app */ = {isa = PBXFileReference; explicitFileType = wrapper.application; includeInIndex = 0; path = Liftracker.app; sourceTree = BUILT_PRODUCTS_DIR; };
		52BAB07B1D8F5DCB0051B064 /* AppDelegate.swift */ = {isa = PBXFileReference; lastKnownFileType = sourcecode.swift; path = AppDelegate.swift; sourceTree = "<group>"; };
		52BAB0801D8F5DCB0051B064 /* Base */ = {isa = PBXFileReference; lastKnownFileType = file.storyboard; name = Base; path = Base.lproj/Main.storyboard; sourceTree = "<group>"; };
		52BAB0821D8F5DCB0051B064 /* Assets.xcassets */ = {isa = PBXFileReference; lastKnownFileType = folder.assetcatalog; path = Assets.xcassets; sourceTree = "<group>"; };
		52BAB0851D8F5DCB0051B064 /* Base */ = {isa = PBXFileReference; lastKnownFileType = file.storyboard; name = Base; path = Base.lproj/LaunchScreen.storyboard; sourceTree = "<group>"; };
		52BAB0871D8F5DCB0051B064 /* Info.plist */ = {isa = PBXFileReference; lastKnownFileType = text.plist.xml; path = Info.plist; sourceTree = "<group>"; };
		52BAB08C1D8F5DCB0051B064 /* LiftrackerTests.xctest */ = {isa = PBXFileReference; explicitFileType = wrapper.cfbundle; includeInIndex = 0; path = LiftrackerTests.xctest; sourceTree = BUILT_PRODUCTS_DIR; };
		52BAB0901D8F5DCB0051B064 /* LiftrackerTests.swift */ = {isa = PBXFileReference; lastKnownFileType = sourcecode.swift; path = LiftrackerTests.swift; sourceTree = "<group>"; };
		52BAB0921D8F5DCB0051B064 /* Info.plist */ = {isa = PBXFileReference; lastKnownFileType = text.plist.xml; path = Info.plist; sourceTree = "<group>"; };
		52BAB0971D8F5DCB0051B064 /* LiftrackerUITests.xctest */ = {isa = PBXFileReference; explicitFileType = wrapper.cfbundle; includeInIndex = 0; path = LiftrackerUITests.xctest; sourceTree = BUILT_PRODUCTS_DIR; };
		52BAB09B1D8F5DCB0051B064 /* LiftrackerUITests.swift */ = {isa = PBXFileReference; lastKnownFileType = sourcecode.swift; path = LiftrackerUITests.swift; sourceTree = "<group>"; };
		52BAB09D1D8F5DCB0051B064 /* Info.plist */ = {isa = PBXFileReference; lastKnownFileType = text.plist.xml; path = Info.plist; sourceTree = "<group>"; };
		52BAB0C51D8F728D0051B064 /* ScheduleUtil.swift */ = {isa = PBXFileReference; fileEncoding = 4; lastKnownFileType = sourcecode.swift; path = ScheduleUtil.swift; sourceTree = "<group>"; };
		52BAB0C71D8F78C40051B064 /* ScheduleTests.swift */ = {isa = PBXFileReference; fileEncoding = 4; lastKnownFileType = sourcecode.swift; path = ScheduleTests.swift; sourceTree = "<group>"; };
		52DE4BC81E6E60AF004B07EE /* Exercice+BaseRow.swift */ = {isa = PBXFileReference; fileEncoding = 4; lastKnownFileType = sourcecode.swift; path = "Exercice+BaseRow.swift"; sourceTree = "<group>"; };
		52E1DF191DAAA6D700269460 /* LiftrackerNotification.swift */ = {isa = PBXFileReference; fileEncoding = 4; lastKnownFileType = sourcecode.swift; path = LiftrackerNotification.swift; sourceTree = "<group>"; };
		52E1DF1B1DAAEBAF00269460 /* WorkoutNotification.swift */ = {isa = PBXFileReference; fileEncoding = 4; lastKnownFileType = sourcecode.swift; path = WorkoutNotification.swift; sourceTree = "<group>"; };
		52E1DF1D1DAB193500269460 /* AnalyticsUtil.swift */ = {isa = PBXFileReference; fileEncoding = 4; lastKnownFileType = sourcecode.swift; path = AnalyticsUtil.swift; sourceTree = "<group>"; };
		52E1DF201DAB389000269460 /* AnalystProtocols.swift */ = {isa = PBXFileReference; fileEncoding = 4; lastKnownFileType = sourcecode.swift; path = AnalystProtocols.swift; sourceTree = "<group>"; };
		52E1DF251DAB4FEB00269460 /* GroupAnalyst.swift */ = {isa = PBXFileReference; fileEncoding = 4; lastKnownFileType = sourcecode.swift; path = GroupAnalyst.swift; sourceTree = "<group>"; };
		52E1DF271DAB502C00269460 /* PieChartArtist.swift */ = {isa = PBXFileReference; fileEncoding = 4; lastKnownFileType = sourcecode.swift; path = PieChartArtist.swift; sourceTree = "<group>"; };
		52E1DF2B1DADC65500269460 /* Judge.swift */ = {isa = PBXFileReference; fileEncoding = 4; lastKnownFileType = sourcecode.swift; path = Judge.swift; sourceTree = "<group>"; };
		52E1DF2D1DADC98D00269460 /* JudgePool.swift */ = {isa = PBXFileReference; fileEncoding = 4; lastKnownFileType = sourcecode.swift; path = JudgePool.swift; sourceTree = "<group>"; };
		52EB95401DB1306600B01799 /* SwiftyLogger.swift */ = {isa = PBXFileReference; fileEncoding = 4; lastKnownFileType = sourcecode.swift; path = SwiftyLogger.swift; sourceTree = "<group>"; };
		52F5A21B1DA93EF0005CB27B /* NotificationUtil.swift */ = {isa = PBXFileReference; fileEncoding = 4; lastKnownFileType = sourcecode.swift; path = NotificationUtil.swift; sourceTree = "<group>"; };
		52F5A21E1DA9446F005CB27B /* ReflectionUtil.swift */ = {isa = PBXFileReference; fileEncoding = 4; lastKnownFileType = sourcecode.swift; path = ReflectionUtil.swift; sourceTree = "<group>"; };
		52F5A2201DA95275005CB27B /* ReflectionTests.swift */ = {isa = PBXFileReference; fileEncoding = 4; lastKnownFileType = sourcecode.swift; path = ReflectionTests.swift; sourceTree = "<group>"; };
		52F5A2231DAAA1D2005CB27B /* LoggingUtil.swift */ = {isa = PBXFileReference; fileEncoding = 4; lastKnownFileType = sourcecode.swift; path = LoggingUtil.swift; sourceTree = "<group>"; };
		52F5A2251DAAA2D6005CB27B /* FileUtil.swift */ = {isa = PBXFileReference; fileEncoding = 4; lastKnownFileType = sourcecode.swift; path = FileUtil.swift; sourceTree = "<group>"; };
		52F5A2271DAAA528005CB27B /* BaseUtil.swift */ = {isa = PBXFileReference; fileEncoding = 4; lastKnownFileType = sourcecode.swift; path = BaseUtil.swift; sourceTree = "<group>"; };
		53A9E45D9877A0CB88044751 /* Pods_LiftrackerUITests.framework */ = {isa = PBXFileReference; explicitFileType = wrapper.framework; includeInIndex = 0; path = Pods_LiftrackerUITests.framework; sourceTree = BUILT_PRODUCTS_DIR; };
		5FC9D0A2544F3FD94FF0588B /* Pods-Liftracker.release.xcconfig */ = {isa = PBXFileReference; includeInIndex = 1; lastKnownFileType = text.xcconfig; name = "Pods-Liftracker.release.xcconfig"; path = "Pods/Target Support Files/Pods-Liftracker/Pods-Liftracker.release.xcconfig"; sourceTree = "<group>"; };
		7CEDB3EB968199C2D9AE4B99 /* Pods-LiftrackerTests.debug.xcconfig */ = {isa = PBXFileReference; includeInIndex = 1; lastKnownFileType = text.xcconfig; name = "Pods-LiftrackerTests.debug.xcconfig"; path = "Pods/Target Support Files/Pods-LiftrackerTests/Pods-LiftrackerTests.debug.xcconfig"; sourceTree = "<group>"; };
		7F601DB2D3C31DBC3940F096 /* Pods-LiftrackerTests.release.xcconfig */ = {isa = PBXFileReference; includeInIndex = 1; lastKnownFileType = text.xcconfig; name = "Pods-LiftrackerTests.release.xcconfig"; path = "Pods/Target Support Files/Pods-LiftrackerTests/Pods-LiftrackerTests.release.xcconfig"; sourceTree = "<group>"; };
		8CD7FE95380F4CF4C80F64BE /* Pods_LiftrackerTests.framework */ = {isa = PBXFileReference; explicitFileType = wrapper.framework; includeInIndex = 0; path = Pods_LiftrackerTests.framework; sourceTree = BUILT_PRODUCTS_DIR; };
		90C81CE81769206316660D92 /* Pods-LiftrackerUITests.debug.xcconfig */ = {isa = PBXFileReference; includeInIndex = 1; lastKnownFileType = text.xcconfig; name = "Pods-LiftrackerUITests.debug.xcconfig"; path = "Pods/Target Support Files/Pods-LiftrackerUITests/Pods-LiftrackerUITests.debug.xcconfig"; sourceTree = "<group>"; };
		9AB41938C40E927E8DB13011 /* Pods-Liftracker.debug.xcconfig */ = {isa = PBXFileReference; includeInIndex = 1; lastKnownFileType = text.xcconfig; name = "Pods-Liftracker.debug.xcconfig"; path = "Pods/Target Support Files/Pods-Liftracker/Pods-Liftracker.debug.xcconfig"; sourceTree = "<group>"; };
		B983B5DB6C47BE4DE1A7E0B9 /* Pods_Liftracker.framework */ = {isa = PBXFileReference; explicitFileType = wrapper.framework; includeInIndex = 0; path = Pods_Liftracker.framework; sourceTree = BUILT_PRODUCTS_DIR; };
		D940BC020EA5632E6935DE2F /* Pods-LiftrackerUITests.release.xcconfig */ = {isa = PBXFileReference; includeInIndex = 1; lastKnownFileType = text.xcconfig; name = "Pods-LiftrackerUITests.release.xcconfig"; path = "Pods/Target Support Files/Pods-LiftrackerUITests/Pods-LiftrackerUITests.release.xcconfig"; sourceTree = "<group>"; };
/* End PBXFileReference section */

/* Begin PBXFrameworksBuildPhase section */
		52BAB0751D8F5DCB0051B064 /* Frameworks */ = {
			isa = PBXFrameworksBuildPhase;
			buildActionMask = 2147483647;
			files = (
				99A29AAC44E190BFAF28FC20 /* Pods_Liftracker.framework in Frameworks */,
			);
			runOnlyForDeploymentPostprocessing = 0;
		};
		52BAB0891D8F5DCB0051B064 /* Frameworks */ = {
			isa = PBXFrameworksBuildPhase;
			buildActionMask = 2147483647;
			files = (
				E34FFE886250E6EA84E495B1 /* Pods_LiftrackerTests.framework in Frameworks */,
			);
			runOnlyForDeploymentPostprocessing = 0;
		};
		52BAB0941D8F5DCB0051B064 /* Frameworks */ = {
			isa = PBXFrameworksBuildPhase;
			buildActionMask = 2147483647;
			files = (
				4757E533F1AB3CC390549063 /* Pods_LiftrackerUITests.framework in Frameworks */,
			);
			runOnlyForDeploymentPostprocessing = 0;
		};
/* End PBXFrameworksBuildPhase section */

/* Begin PBXGroup section */
		5222DCA51DA8A92D0072A4E1 /* UI */ = {
			isa = PBXGroup;
			children = (
				52BAB07F1D8F5DCB0051B064 /* Main.storyboard */,
				52838CA41DF4A59A00A940BA /* Home */,
				52EB95441DB160E100B01799 /* Workouts */,
			);
			name = UI;
			sourceTree = "<group>";
		};
		5222DCA61DA8A9350072A4E1 /* Data */ = {
			isa = PBXGroup;
			children = (
				52841AFF1E647C6700489ADF /* CoreDataManager.swift */,
				52841AF71E638CE500489ADF /* Wrappers */,
				52DE4BC81E6E60AF004B07EE /* Exercice+BaseRow.swift */,
			);
			name = Data;
			sourceTree = "<group>";
		};
		522F03FC1DADDF5D00560EBF /* Standard Result Types */ = {
			isa = PBXGroup;
			children = (
				522F03FD1DADDFB700560EBF /* SectionedResult.swift */,
			);
			name = "Standard Result Types";
			sourceTree = "<group>";
		};
		52375BAF1E62414F0052E119 /* Functional */ = {
			isa = PBXGroup;
			children = (
				52375BB01E6241770052E119 /* Promise+Applicative.swift */,
				52375BB11E6241770052E119 /* Promise+Functor.swift */,
				52375BB21E6241770052E119 /* Promise+Monad.swift */,
			);
			name = Functional;
			sourceTree = "<group>";
		};
		52470E4A1E50FD0C00E54878 /* AppActions */ = {
			isa = PBXGroup;
			children = (
				52470E581E51091C00E54878 /* Actions */,
				52470E481E50FC2F00E54878 /* AppAction.swift */,
				52470E4B1E50FF9F00E54878 /* AppActions.swift */,
				52470E4D1E51047F00E54878 /* FirstLaunchAction.swift */,
			);
			name = AppActions;
			sourceTree = "<group>";
		};
		52470E511E51077900E54878 /* Preferences */ = {
			isa = PBXGroup;
			children = (
				52470E4F1E51076D00E54878 /* PreferencesUtil.swift */,
				52470E521E5107A200E54878 /* Preference.swift */,
				52470E541E5107CC00E54878 /* PreferenceStore.swift */,
				52470E561E51081C00E54878 /* LiftrackerPreferences.swift */,
			);
			name = Preferences;
			sourceTree = "<group>";
		};
		52470E581E51091C00E54878 /* Actions */ = {
			isa = PBXGroup;
			children = (
				52470E591E510A0F00E54878 /* SetDefaultsAction.swift */,
			);
			name = Actions;
			sourceTree = "<group>";
		};
		52838CA41DF4A59A00A940BA /* Home */ = {
			isa = PBXGroup;
			children = (
				52838CAA1DF4AC1000A940BA /* HomeViewController.swift */,
			);
			name = Home;
			sourceTree = "<group>";
		};
		52841AF71E638CE500489ADF /* Wrappers */ = {
			isa = PBXGroup;
			children = (
				52841AF81E638CF300489ADF /* Schedule.swift */,
			);
			name = Wrappers;
			sourceTree = "<group>";
		};
		52BAB06F1D8F5DCB0051B064 = {
			isa = PBXGroup;
			children = (
				52BAB07A1D8F5DCB0051B064 /* Liftracker */,
				52BAB08F1D8F5DCB0051B064 /* LiftrackerTests */,
				52BAB09A1D8F5DCB0051B064 /* LiftrackerUITests */,
				52BAB0791D8F5DCB0051B064 /* Products */,
				ACF5FE732F1FDCF829BEEBBE /* Pods */,
				FF2D1F961125D4E8C30AB3E3 /* Frameworks */,
			);
			sourceTree = "<group>";
		};
		52BAB0791D8F5DCB0051B064 /* Products */ = {
			isa = PBXGroup;
			children = (
				52BAB0781D8F5DCB0051B064 /* Liftracker.app */,
				52BAB08C1D8F5DCB0051B064 /* LiftrackerTests.xctest */,
				52BAB0971D8F5DCB0051B064 /* LiftrackerUITests.xctest */,
			);
			name = Products;
			sourceTree = "<group>";
		};
		52BAB07A1D8F5DCB0051B064 /* Liftracker */ = {
			isa = PBXGroup;
			children = (
				52841AFB1E6476C900489ADF /* Liftracker2Model.xcdatamodeld */,
				52375BAF1E62414F0052E119 /* Functional */,
				52470E511E51077900E54878 /* Preferences */,
				52470E4A1E50FD0C00E54878 /* AppActions */,
				5222DCA61DA8A9350072A4E1 /* Data */,
				52E1DF2A1DADC60600269460 /* Scoring */,
				5222DCA51DA8A92D0072A4E1 /* UI */,
				52E1DF1F1DAB194400269460 /* Analytics */,
				52F5A21D1DA941FA005CB27B /* Notifications */,
				52BAB0C41D8F727E0051B064 /* Misc Utilities */,
				52BAB07B1D8F5DCB0051B064 /* AppDelegate.swift */,
				52BAB0821D8F5DCB0051B064 /* Assets.xcassets */,
				52BAB0841D8F5DCB0051B064 /* LaunchScreen.storyboard */,
				52BAB0871D8F5DCB0051B064 /* Info.plist */,
			);
			path = Liftracker;
			sourceTree = "<group>";
		};
		52BAB08F1D8F5DCB0051B064 /* LiftrackerTests */ = {
			isa = PBXGroup;
			children = (
				52BAB0901D8F5DCB0051B064 /* LiftrackerTests.swift */,
				52BAB0921D8F5DCB0051B064 /* Info.plist */,
				52BAB0C71D8F78C40051B064 /* ScheduleTests.swift */,
				52F5A2201DA95275005CB27B /* ReflectionTests.swift */,
				52375BBD1E6248610052E119 /* Promise+FunctorTests.swift */,
				52375BBF1E6249D90052E119 /* FunctionalTestBase.swift */,
			);
			path = LiftrackerTests;
			sourceTree = "<group>";
		};
		52BAB09A1D8F5DCB0051B064 /* LiftrackerUITests */ = {
			isa = PBXGroup;
			children = (
				52BAB09B1D8F5DCB0051B064 /* LiftrackerUITests.swift */,
				52BAB09D1D8F5DCB0051B064 /* Info.plist */,
			);
			path = LiftrackerUITests;
			sourceTree = "<group>";
		};
		52BAB0C41D8F727E0051B064 /* Misc Utilities */ = {
			isa = PBXGroup;
			children = (
				52BAB0C51D8F728D0051B064 /* ScheduleUtil.swift */,
				52F5A21E1DA9446F005CB27B /* ReflectionUtil.swift */,
				52F5A2231DAAA1D2005CB27B /* LoggingUtil.swift */,
				52F5A2251DAAA2D6005CB27B /* FileUtil.swift */,
				52F5A2271DAAA528005CB27B /* BaseUtil.swift */,
				52EB95401DB1306600B01799 /* SwiftyLogger.swift */,
				52375BC31E62935D0052E119 /* VersionUtil.swift */,
			);
			name = "Misc Utilities";
			sourceTree = "<group>";
		};
		52E1DF1F1DAB194400269460 /* Analytics */ = {
			isa = PBXGroup;
			children = (
				522F03FC1DADDF5D00560EBF /* Standard Result Types */,
				52E1DF291DAB50D800269460 /* Artists */,
				52E1DF241DAB4FCE00269460 /* Analysts */,
				52E1DF201DAB389000269460 /* AnalystProtocols.swift */,
				52E1DF1D1DAB193500269460 /* AnalyticsUtil.swift */,
			);
			name = Analytics;
			sourceTree = "<group>";
		};
		52E1DF241DAB4FCE00269460 /* Analysts */ = {
			isa = PBXGroup;
			children = (
				52E1DF251DAB4FEB00269460 /* GroupAnalyst.swift */,
			);
			name = Analysts;
			sourceTree = "<group>";
		};
		52E1DF291DAB50D800269460 /* Artists */ = {
			isa = PBXGroup;
			children = (
				52E1DF271DAB502C00269460 /* PieChartArtist.swift */,
			);
			name = Artists;
			sourceTree = "<group>";
		};
		52E1DF2A1DADC60600269460 /* Scoring */ = {
			isa = PBXGroup;
			children = (
				52E1DF2B1DADC65500269460 /* Judge.swift */,
				52E1DF2D1DADC98D00269460 /* JudgePool.swift */,
			);
			name = Scoring;
			sourceTree = "<group>";
		};
		52EB95441DB160E100B01799 /* Workouts */ = {
			isa = PBXGroup;
			children = (
				52375BC51E634A130052E119 /* WorkoutTableViewController.swift */,
				52841B031E6E491000489ADF /* AddWorkoutViewController.swift */,
			);
			name = Workouts;
			sourceTree = "<group>";
		};
		52F5A21D1DA941FA005CB27B /* Notifications */ = {
			isa = PBXGroup;
			children = (
				52F5A21B1DA93EF0005CB27B /* NotificationUtil.swift */,
				52E1DF191DAAA6D700269460 /* LiftrackerNotification.swift */,
				52E1DF1B1DAAEBAF00269460 /* WorkoutNotification.swift */,
			);
			name = Notifications;
			sourceTree = "<group>";
		};
		ACF5FE732F1FDCF829BEEBBE /* Pods */ = {
			isa = PBXGroup;
			children = (
				9AB41938C40E927E8DB13011 /* Pods-Liftracker.debug.xcconfig */,
				5FC9D0A2544F3FD94FF0588B /* Pods-Liftracker.release.xcconfig */,
				7CEDB3EB968199C2D9AE4B99 /* Pods-LiftrackerTests.debug.xcconfig */,
				7F601DB2D3C31DBC3940F096 /* Pods-LiftrackerTests.release.xcconfig */,
				90C81CE81769206316660D92 /* Pods-LiftrackerUITests.debug.xcconfig */,
				D940BC020EA5632E6935DE2F /* Pods-LiftrackerUITests.release.xcconfig */,
			);
			name = Pods;
			sourceTree = "<group>";
		};
		FF2D1F961125D4E8C30AB3E3 /* Frameworks */ = {
			isa = PBXGroup;
			children = (
				B983B5DB6C47BE4DE1A7E0B9 /* Pods_Liftracker.framework */,
				8CD7FE95380F4CF4C80F64BE /* Pods_LiftrackerTests.framework */,
				53A9E45D9877A0CB88044751 /* Pods_LiftrackerUITests.framework */,
			);
			name = Frameworks;
			sourceTree = "<group>";
		};
/* End PBXGroup section */

/* Begin PBXNativeTarget section */
		52BAB0771D8F5DCB0051B064 /* Liftracker */ = {
			isa = PBXNativeTarget;
			buildConfigurationList = 52BAB0A01D8F5DCB0051B064 /* Build configuration list for PBXNativeTarget "Liftracker" */;
			buildPhases = (
				8F48F80DF3EDE3A07F23ED1E /* [CP] Check Pods Manifest.lock */,
				52BAB0741D8F5DCB0051B064 /* Sources */,
				52BAB0751D8F5DCB0051B064 /* Frameworks */,
				52BAB0761D8F5DCB0051B064 /* Resources */,
				4AE39EE300179C05628A8EF9 /* [CP] Embed Pods Frameworks */,
				D44A5F97A74BD3185EEC14B5 /* [CP] Copy Pods Resources */,
				52BAB0A91D8F647E0051B064 /* ShellScript */,
			);
			buildRules = (
			);
			dependencies = (
			);
			name = Liftracker;
			productName = Liftracker;
			productReference = 52BAB0781D8F5DCB0051B064 /* Liftracker.app */;
			productType = "com.apple.product-type.application";
		};
		52BAB08B1D8F5DCB0051B064 /* LiftrackerTests */ = {
			isa = PBXNativeTarget;
			buildConfigurationList = 52BAB0A31D8F5DCB0051B064 /* Build configuration list for PBXNativeTarget "LiftrackerTests" */;
			buildPhases = (
				25CF93EC1B20FDDFF03FB465 /* [CP] Check Pods Manifest.lock */,
				52BAB0881D8F5DCB0051B064 /* Sources */,
				52BAB0891D8F5DCB0051B064 /* Frameworks */,
				52BAB08A1D8F5DCB0051B064 /* Resources */,
				A88DF316074F41534D087B5F /* [CP] Embed Pods Frameworks */,
				F12C10BD1DC2584C838512F6 /* [CP] Copy Pods Resources */,
			);
			buildRules = (
			);
			dependencies = (
				52BAB08E1D8F5DCB0051B064 /* PBXTargetDependency */,
			);
			name = LiftrackerTests;
			productName = LiftrackerTests;
			productReference = 52BAB08C1D8F5DCB0051B064 /* LiftrackerTests.xctest */;
			productType = "com.apple.product-type.bundle.unit-test";
		};
		52BAB0961D8F5DCB0051B064 /* LiftrackerUITests */ = {
			isa = PBXNativeTarget;
			buildConfigurationList = 52BAB0A61D8F5DCB0051B064 /* Build configuration list for PBXNativeTarget "LiftrackerUITests" */;
			buildPhases = (
				999EC2B5D24B76132026C690 /* [CP] Check Pods Manifest.lock */,
				52BAB0931D8F5DCB0051B064 /* Sources */,
				52BAB0941D8F5DCB0051B064 /* Frameworks */,
				52BAB0951D8F5DCB0051B064 /* Resources */,
				DE076298ABA2B62E63DD3591 /* [CP] Copy Pods Resources */,
				B3CBCEB56A0D0B28DF7393E0 /* [CP] Embed Pods Frameworks */,
			);
			buildRules = (
			);
			dependencies = (
				52BAB0991D8F5DCB0051B064 /* PBXTargetDependency */,
			);
			name = LiftrackerUITests;
			productName = LiftrackerUITests;
			productReference = 52BAB0971D8F5DCB0051B064 /* LiftrackerUITests.xctest */;
			productType = "com.apple.product-type.bundle.ui-testing";
		};
/* End PBXNativeTarget section */

/* Begin PBXProject section */
		52BAB0701D8F5DCB0051B064 /* Project object */ = {
			isa = PBXProject;
			attributes = {
				LastSwiftUpdateCheck = 0800;
				LastUpgradeCheck = 0820;
				ORGANIZATIONNAME = "John McAvey";
				TargetAttributes = {
					52BAB0771D8F5DCB0051B064 = {
						CreatedOnToolsVersion = 8.0;
						DevelopmentTeam = VPWANFCTRJ;
						LastSwiftMigration = 0800;
						ProvisioningStyle = Automatic;
					};
					52BAB08B1D8F5DCB0051B064 = {
						CreatedOnToolsVersion = 8.0;
						DevelopmentTeam = VPWANFCTRJ;
						ProvisioningStyle = Automatic;
						TestTargetID = 52BAB0771D8F5DCB0051B064;
					};
					52BAB0961D8F5DCB0051B064 = {
						CreatedOnToolsVersion = 8.0;
						DevelopmentTeam = VPWANFCTRJ;
						ProvisioningStyle = Automatic;
						TestTargetID = 52BAB0771D8F5DCB0051B064;
					};
				};
			};
			buildConfigurationList = 52BAB0731D8F5DCB0051B064 /* Build configuration list for PBXProject "Liftracker" */;
			compatibilityVersion = "Xcode 3.2";
			developmentRegion = English;
			hasScannedForEncodings = 0;
			knownRegions = (
				en,
				Base,
			);
			mainGroup = 52BAB06F1D8F5DCB0051B064;
			productRefGroup = 52BAB0791D8F5DCB0051B064 /* Products */;
			projectDirPath = "";
			projectRoot = "";
			targets = (
				52BAB0771D8F5DCB0051B064 /* Liftracker */,
				52BAB08B1D8F5DCB0051B064 /* LiftrackerTests */,
				52BAB0961D8F5DCB0051B064 /* LiftrackerUITests */,
			);
		};
/* End PBXProject section */

/* Begin PBXResourcesBuildPhase section */
		52BAB0761D8F5DCB0051B064 /* Resources */ = {
			isa = PBXResourcesBuildPhase;
			buildActionMask = 2147483647;
			files = (
				52CC556F1DAAA609004211E6 /* Assets.xcassets in Resources */,
				52BAB0861D8F5DCB0051B064 /* LaunchScreen.storyboard in Resources */,
				52BAB0811D8F5DCB0051B064 /* Main.storyboard in Resources */,
			);
			runOnlyForDeploymentPostprocessing = 0;
		};
		52BAB08A1D8F5DCB0051B064 /* Resources */ = {
			isa = PBXResourcesBuildPhase;
			buildActionMask = 2147483647;
			files = (
			);
			runOnlyForDeploymentPostprocessing = 0;
		};
		52BAB0951D8F5DCB0051B064 /* Resources */ = {
			isa = PBXResourcesBuildPhase;
			buildActionMask = 2147483647;
			files = (
			);
			runOnlyForDeploymentPostprocessing = 0;
		};
/* End PBXResourcesBuildPhase section */

/* Begin PBXShellScriptBuildPhase section */
		25CF93EC1B20FDDFF03FB465 /* [CP] Check Pods Manifest.lock */ = {
			isa = PBXShellScriptBuildPhase;
			buildActionMask = 2147483647;
			files = (
			);
			inputPaths = (
			);
			name = "[CP] Check Pods Manifest.lock";
			outputPaths = (
			);
			runOnlyForDeploymentPostprocessing = 0;
			shellPath = /bin/sh;
			shellScript = "diff \"${PODS_ROOT}/../Podfile.lock\" \"${PODS_ROOT}/Manifest.lock\" > /dev/null\nif [ $? != 0 ] ; then\n    # print error to STDERR\n    echo \"error: The sandbox is not in sync with the Podfile.lock. Run 'pod install' or update your CocoaPods installation.\" >&2\n    exit 1\nfi\n";
			showEnvVarsInLog = 0;
		};
		4AE39EE300179C05628A8EF9 /* [CP] Embed Pods Frameworks */ = {
			isa = PBXShellScriptBuildPhase;
			buildActionMask = 2147483647;
			files = (
			);
			inputPaths = (
			);
			name = "[CP] Embed Pods Frameworks";
			outputPaths = (
			);
			runOnlyForDeploymentPostprocessing = 0;
			shellPath = /bin/sh;
			shellScript = "\"${SRCROOT}/Pods/Target Support Files/Pods-Liftracker/Pods-Liftracker-frameworks.sh\"\n";
			showEnvVarsInLog = 0;
		};
		52BAB0A91D8F647E0051B064 /* ShellScript */ = {
			isa = PBXShellScriptBuildPhase;
			buildActionMask = 2147483647;
			files = (
			);
			inputPaths = (
			);
			outputPaths = (
			);
			runOnlyForDeploymentPostprocessing = 0;
			shellPath = /bin/sh;
			shellScript = "${PODS_ROOT}/Fabric/run f8fa7443668ecc5324b531e74085dd3f3ebeab3d 3ca668da2af7fd3a31a7a89f089812ebd270fafdc673d68a2bd705ccc6585f58";
		};
		8F48F80DF3EDE3A07F23ED1E /* [CP] Check Pods Manifest.lock */ = {
			isa = PBXShellScriptBuildPhase;
			buildActionMask = 2147483647;
			files = (
			);
			inputPaths = (
			);
			name = "[CP] Check Pods Manifest.lock";
			outputPaths = (
			);
			runOnlyForDeploymentPostprocessing = 0;
			shellPath = /bin/sh;
			shellScript = "diff \"${PODS_ROOT}/../Podfile.lock\" \"${PODS_ROOT}/Manifest.lock\" > /dev/null\nif [ $? != 0 ] ; then\n    # print error to STDERR\n    echo \"error: The sandbox is not in sync with the Podfile.lock. Run 'pod install' or update your CocoaPods installation.\" >&2\n    exit 1\nfi\n";
			showEnvVarsInLog = 0;
		};
		999EC2B5D24B76132026C690 /* [CP] Check Pods Manifest.lock */ = {
			isa = PBXShellScriptBuildPhase;
			buildActionMask = 2147483647;
			files = (
			);
			inputPaths = (
			);
			name = "[CP] Check Pods Manifest.lock";
			outputPaths = (
			);
			runOnlyForDeploymentPostprocessing = 0;
			shellPath = /bin/sh;
			shellScript = "diff \"${PODS_ROOT}/../Podfile.lock\" \"${PODS_ROOT}/Manifest.lock\" > /dev/null\nif [ $? != 0 ] ; then\n    # print error to STDERR\n    echo \"error: The sandbox is not in sync with the Podfile.lock. Run 'pod install' or update your CocoaPods installation.\" >&2\n    exit 1\nfi\n";
			showEnvVarsInLog = 0;
		};
		A88DF316074F41534D087B5F /* [CP] Embed Pods Frameworks */ = {
			isa = PBXShellScriptBuildPhase;
			buildActionMask = 2147483647;
			files = (
			);
			inputPaths = (
			);
			name = "[CP] Embed Pods Frameworks";
			outputPaths = (
			);
			runOnlyForDeploymentPostprocessing = 0;
			shellPath = /bin/sh;
			shellScript = "\"${SRCROOT}/Pods/Target Support Files/Pods-LiftrackerTests/Pods-LiftrackerTests-frameworks.sh\"\n";
			showEnvVarsInLog = 0;
		};
		B3CBCEB56A0D0B28DF7393E0 /* [CP] Embed Pods Frameworks */ = {
			isa = PBXShellScriptBuildPhase;
			buildActionMask = 2147483647;
			files = (
			);
			inputPaths = (
			);
			name = "[CP] Embed Pods Frameworks";
			outputPaths = (
			);
			runOnlyForDeploymentPostprocessing = 0;
			shellPath = /bin/sh;
			shellScript = "\"${SRCROOT}/Pods/Target Support Files/Pods-LiftrackerUITests/Pods-LiftrackerUITests-frameworks.sh\"\n";
			showEnvVarsInLog = 0;
		};
		D44A5F97A74BD3185EEC14B5 /* [CP] Copy Pods Resources */ = {
			isa = PBXShellScriptBuildPhase;
			buildActionMask = 2147483647;
			files = (
			);
			inputPaths = (
			);
			name = "[CP] Copy Pods Resources";
			outputPaths = (
			);
			runOnlyForDeploymentPostprocessing = 0;
			shellPath = /bin/sh;
			shellScript = "\"${SRCROOT}/Pods/Target Support Files/Pods-Liftracker/Pods-Liftracker-resources.sh\"\n";
			showEnvVarsInLog = 0;
		};
		DE076298ABA2B62E63DD3591 /* [CP] Copy Pods Resources */ = {
			isa = PBXShellScriptBuildPhase;
			buildActionMask = 2147483647;
			files = (
			);
			inputPaths = (
			);
			name = "[CP] Copy Pods Resources";
			outputPaths = (
			);
			runOnlyForDeploymentPostprocessing = 0;
			shellPath = /bin/sh;
			shellScript = "\"${SRCROOT}/Pods/Target Support Files/Pods-LiftrackerUITests/Pods-LiftrackerUITests-resources.sh\"\n";
			showEnvVarsInLog = 0;
		};
		F12C10BD1DC2584C838512F6 /* [CP] Copy Pods Resources */ = {
			isa = PBXShellScriptBuildPhase;
			buildActionMask = 2147483647;
			files = (
			);
			inputPaths = (
			);
			name = "[CP] Copy Pods Resources";
			outputPaths = (
			);
			runOnlyForDeploymentPostprocessing = 0;
			shellPath = /bin/sh;
			shellScript = "\"${SRCROOT}/Pods/Target Support Files/Pods-LiftrackerTests/Pods-LiftrackerTests-resources.sh\"\n";
			showEnvVarsInLog = 0;
		};
/* End PBXShellScriptBuildPhase section */

/* Begin PBXSourcesBuildPhase section */
		52BAB0741D8F5DCB0051B064 /* Sources */ = {
			isa = PBXSourcesBuildPhase;
			buildActionMask = 2147483647;
			files = (
				52470E571E51081C00E54878 /* LiftrackerPreferences.swift in Sources */,
				52841AFD1E6476C900489ADF /* Liftracker2Model.xcdatamodeld in Sources */,
				52375BB71E6241770052E119 /* Promise+Monad.swift in Sources */,
				52375BC61E634A130052E119 /* WorkoutTableViewController.swift in Sources */,
				52841B001E647C6700489ADF /* CoreDataManager.swift in Sources */,
				52470E551E5107CC00E54878 /* PreferenceStore.swift in Sources */,
				52E1DF261DAB4FEB00269460 /* GroupAnalyst.swift in Sources */,
				52E1DF1E1DAB193500269460 /* AnalyticsUtil.swift in Sources */,
				52F5A21F1DA9446F005CB27B /* ReflectionUtil.swift in Sources */,
				52838CAB1DF4AC1000A940BA /* HomeViewController.swift in Sources */,
				52F5A2281DAAA528005CB27B /* BaseUtil.swift in Sources */,
				52E1DF1A1DAAA6D700269460 /* LiftrackerNotification.swift in Sources */,
				52F5A21C1DA93EF0005CB27B /* NotificationUtil.swift in Sources */,
				52E1DF281DAB502C00269460 /* PieChartArtist.swift in Sources */,
				52E1DF2E1DADC98D00269460 /* JudgePool.swift in Sources */,
				52470E491E50FC2F00E54878 /* AppAction.swift in Sources */,
				52470E4E1E51047F00E54878 /* FirstLaunchAction.swift in Sources */,
				52841AF91E638CF300489ADF /* Schedule.swift in Sources */,
				52E1DF211DAB389000269460 /* AnalystProtocols.swift in Sources */,
				52375BB31E6241770052E119 /* Promise+Applicative.swift in Sources */,
				52EB95411DB1306600B01799 /* SwiftyLogger.swift in Sources */,
				52375BB51E6241770052E119 /* Promise+Functor.swift in Sources */,
				52F5A2241DAAA1D2005CB27B /* LoggingUtil.swift in Sources */,
				52841B041E6E491000489ADF /* AddWorkoutViewController.swift in Sources */,
				52470E531E5107A200E54878 /* Preference.swift in Sources */,
				52E1DF2C1DADC65500269460 /* Judge.swift in Sources */,
				52470E5A1E510A0F00E54878 /* SetDefaultsAction.swift in Sources */,
				52DE4BC91E6E60AF004B07EE /* Exercice+BaseRow.swift in Sources */,
				52BAB0C61D8F728D0051B064 /* ScheduleUtil.swift in Sources */,
				522F03FE1DADDFB700560EBF /* SectionedResult.swift in Sources */,
				52375BC41E62935D0052E119 /* VersionUtil.swift in Sources */,
				52F5A2261DAAA2D6005CB27B /* FileUtil.swift in Sources */,
				52E1DF1C1DAAEBAF00269460 /* WorkoutNotification.swift in Sources */,
				52470E501E51076D00E54878 /* PreferencesUtil.swift in Sources */,
				52BAB07C1D8F5DCB0051B064 /* AppDelegate.swift in Sources */,
				52470E4C1E50FF9F00E54878 /* AppActions.swift in Sources */,
			);
			runOnlyForDeploymentPostprocessing = 0;
		};
		52BAB0881D8F5DCB0051B064 /* Sources */ = {
			isa = PBXSourcesBuildPhase;
			buildActionMask = 2147483647;
			files = (
				52F5A2221DA95524005CB27B /* ReflectionUtil.swift in Sources */,
				52BAB0C81D8F78C40051B064 /* ScheduleTests.swift in Sources */,
				52375BC01E6249D90052E119 /* FunctionalTestBase.swift in Sources */,
				52F5A2211DA95275005CB27B /* ReflectionTests.swift in Sources */,
				52E1DF301DADCBD100269460 /* FileUtil.swift in Sources */,
				52F5A2291DAAA584005CB27B /* BaseUtil.swift in Sources */,
				522F03FB1DADD10000560EBF /* Judge.swift in Sources */,
				52BAB0911D8F5DCB0051B064 /* LiftrackerTests.swift in Sources */,
				52BAB0C91D8F7B700051B064 /* ScheduleUtil.swift in Sources */,
				52375BBE1E6248610052E119 /* Promise+FunctorTests.swift in Sources */,
				522F03FA1DADD0F000560EBF /* JudgePool.swift in Sources */,
				52841AFA1E638DE300489ADF /* Schedule.swift in Sources */,
				52E1DF2F1DADCBCC00269460 /* LoggingUtil.swift in Sources */,
			);
			runOnlyForDeploymentPostprocessing = 0;
		};
		52BAB0931D8F5DCB0051B064 /* Sources */ = {
			isa = PBXSourcesBuildPhase;
			buildActionMask = 2147483647;
			files = (
				52BAB09C1D8F5DCB0051B064 /* LiftrackerUITests.swift in Sources */,
			);
			runOnlyForDeploymentPostprocessing = 0;
		};
/* End PBXSourcesBuildPhase section */

/* Begin PBXTargetDependency section */
		52BAB08E1D8F5DCB0051B064 /* PBXTargetDependency */ = {
			isa = PBXTargetDependency;
			target = 52BAB0771D8F5DCB0051B064 /* Liftracker */;
			targetProxy = 52BAB08D1D8F5DCB0051B064 /* PBXContainerItemProxy */;
		};
		52BAB0991D8F5DCB0051B064 /* PBXTargetDependency */ = {
			isa = PBXTargetDependency;
			target = 52BAB0771D8F5DCB0051B064 /* Liftracker */;
			targetProxy = 52BAB0981D8F5DCB0051B064 /* PBXContainerItemProxy */;
		};
/* End PBXTargetDependency section */

/* Begin PBXVariantGroup section */
		52BAB07F1D8F5DCB0051B064 /* Main.storyboard */ = {
			isa = PBXVariantGroup;
			children = (
				52BAB0801D8F5DCB0051B064 /* Base */,
			);
			name = Main.storyboard;
			sourceTree = "<group>";
		};
		52BAB0841D8F5DCB0051B064 /* LaunchScreen.storyboard */ = {
			isa = PBXVariantGroup;
			children = (
				52BAB0851D8F5DCB0051B064 /* Base */,
			);
			name = LaunchScreen.storyboard;
			sourceTree = "<group>";
		};
/* End PBXVariantGroup section */

/* Begin XCBuildConfiguration section */
		52BAB09E1D8F5DCB0051B064 /* Debug */ = {
			isa = XCBuildConfiguration;
			buildSettings = {
				ALWAYS_SEARCH_USER_PATHS = NO;
				CLANG_ANALYZER_NONNULL = YES;
				CLANG_CXX_LANGUAGE_STANDARD = "gnu++0x";
				CLANG_CXX_LIBRARY = "libc++";
				CLANG_ENABLE_MODULES = YES;
				CLANG_ENABLE_OBJC_ARC = YES;
				CLANG_WARN_BOOL_CONVERSION = YES;
				CLANG_WARN_CONSTANT_CONVERSION = YES;
				CLANG_WARN_DIRECT_OBJC_ISA_USAGE = YES_ERROR;
				CLANG_WARN_DOCUMENTATION_COMMENTS = YES;
				CLANG_WARN_EMPTY_BODY = YES;
				CLANG_WARN_ENUM_CONVERSION = YES;
				CLANG_WARN_INFINITE_RECURSION = YES;
				CLANG_WARN_INT_CONVERSION = YES;
				CLANG_WARN_OBJC_ROOT_CLASS = YES_ERROR;
				CLANG_WARN_SUSPICIOUS_MOVE = YES;
				CLANG_WARN_SUSPICIOUS_MOVES = YES;
				CLANG_WARN_UNREACHABLE_CODE = YES;
				CLANG_WARN__DUPLICATE_METHOD_MATCH = YES;
				"CODE_SIGN_IDENTITY[sdk=iphoneos*]" = "iPhone Developer";
				COPY_PHASE_STRIP = NO;
				DEBUG_INFORMATION_FORMAT = dwarf;
				ENABLE_STRICT_OBJC_MSGSEND = YES;
				ENABLE_TESTABILITY = YES;
				GCC_C_LANGUAGE_STANDARD = gnu99;
				GCC_DYNAMIC_NO_PIC = NO;
				GCC_NO_COMMON_BLOCKS = YES;
				GCC_OPTIMIZATION_LEVEL = 0;
				GCC_PREPROCESSOR_DEFINITIONS = (
					"DEBUG=1",
					"$(inherited)",
				);
				GCC_WARN_64_TO_32_BIT_CONVERSION = YES;
				GCC_WARN_ABOUT_RETURN_TYPE = YES_ERROR;
				GCC_WARN_UNDECLARED_SELECTOR = YES;
				GCC_WARN_UNINITIALIZED_AUTOS = YES_AGGRESSIVE;
				GCC_WARN_UNUSED_FUNCTION = YES;
				GCC_WARN_UNUSED_VARIABLE = YES;
				IPHONEOS_DEPLOYMENT_TARGET = 10.0;
				MTL_ENABLE_DEBUG_INFO = YES;
				ONLY_ACTIVE_ARCH = YES;
				SDKROOT = iphoneos;
				SWIFT_ACTIVE_COMPILATION_CONDITIONS = DEBUG;
				SWIFT_OPTIMIZATION_LEVEL = "-Onone";
			};
			name = Debug;
		};
		52BAB09F1D8F5DCB0051B064 /* Release */ = {
			isa = XCBuildConfiguration;
			buildSettings = {
				ALWAYS_SEARCH_USER_PATHS = NO;
				CLANG_ANALYZER_NONNULL = YES;
				CLANG_CXX_LANGUAGE_STANDARD = "gnu++0x";
				CLANG_CXX_LIBRARY = "libc++";
				CLANG_ENABLE_MODULES = YES;
				CLANG_ENABLE_OBJC_ARC = YES;
				CLANG_WARN_BOOL_CONVERSION = YES;
				CLANG_WARN_CONSTANT_CONVERSION = YES;
				CLANG_WARN_DIRECT_OBJC_ISA_USAGE = YES_ERROR;
				CLANG_WARN_DOCUMENTATION_COMMENTS = YES;
				CLANG_WARN_EMPTY_BODY = YES;
				CLANG_WARN_ENUM_CONVERSION = YES;
				CLANG_WARN_INFINITE_RECURSION = YES;
				CLANG_WARN_INT_CONVERSION = YES;
				CLANG_WARN_OBJC_ROOT_CLASS = YES_ERROR;
				CLANG_WARN_SUSPICIOUS_MOVE = YES;
				CLANG_WARN_SUSPICIOUS_MOVES = YES;
				CLANG_WARN_UNREACHABLE_CODE = YES;
				CLANG_WARN__DUPLICATE_METHOD_MATCH = YES;
				"CODE_SIGN_IDENTITY[sdk=iphoneos*]" = "iPhone Developer";
				COPY_PHASE_STRIP = NO;
				DEBUG_INFORMATION_FORMAT = "dwarf-with-dsym";
				ENABLE_NS_ASSERTIONS = NO;
				ENABLE_STRICT_OBJC_MSGSEND = YES;
				GCC_C_LANGUAGE_STANDARD = gnu99;
				GCC_NO_COMMON_BLOCKS = YES;
				GCC_WARN_64_TO_32_BIT_CONVERSION = YES;
				GCC_WARN_ABOUT_RETURN_TYPE = YES_ERROR;
				GCC_WARN_UNDECLARED_SELECTOR = YES;
				GCC_WARN_UNINITIALIZED_AUTOS = YES_AGGRESSIVE;
				GCC_WARN_UNUSED_FUNCTION = YES;
				GCC_WARN_UNUSED_VARIABLE = YES;
				IPHONEOS_DEPLOYMENT_TARGET = 10.0;
				MTL_ENABLE_DEBUG_INFO = NO;
				SDKROOT = iphoneos;
				SWIFT_OPTIMIZATION_LEVEL = "-Owholemodule";
				VALIDATE_PRODUCT = YES;
			};
			name = Release;
		};
		52BAB0A11D8F5DCB0051B064 /* Debug */ = {
			isa = XCBuildConfiguration;
			baseConfigurationReference = 9AB41938C40E927E8DB13011 /* Pods-Liftracker.debug.xcconfig */;
			buildSettings = {
				ALWAYS_EMBED_SWIFT_STANDARD_LIBRARIES = YES;
				ALWAYS_SEARCH_USER_PATHS = NO;
				ASSETCATALOG_COMPILER_APPICON_NAME = AppIcon;
				CLANG_ENABLE_MODULES = YES;
				DEVELOPMENT_TEAM = VPWANFCTRJ;
				INFOPLIST_FILE = Liftracker/Info.plist;
				IPHONEOS_DEPLOYMENT_TARGET = 8.0;
				LD_RUNPATH_SEARCH_PATHS = "$(inherited) @executable_path/Frameworks";
				OTHER_SWIFT_FLAGS = "$(inherited) \"-D\" \"COCOAPODS\"";
				PRODUCT_BUNDLE_IDENTIFIER = JM.Liftracker.2;
				PRODUCT_NAME = "$(TARGET_NAME)";
				SWIFT_ACTIVE_COMPILATION_CONDITIONS = "DEBUG INFO WARNING ERROR VERBOSE";
				SWIFT_OBJC_BRIDGING_HEADER = "";
				SWIFT_OPTIMIZATION_LEVEL = "-Onone";
				SWIFT_VERSION = 3.0;
			};
			name = Debug;
		};
		52BAB0A21D8F5DCB0051B064 /* Release */ = {
			isa = XCBuildConfiguration;
			baseConfigurationReference = 5FC9D0A2544F3FD94FF0588B /* Pods-Liftracker.release.xcconfig */;
			buildSettings = {
				ALWAYS_EMBED_SWIFT_STANDARD_LIBRARIES = YES;
				ALWAYS_SEARCH_USER_PATHS = NO;
				ASSETCATALOG_COMPILER_APPICON_NAME = AppIcon;
				CLANG_ENABLE_MODULES = YES;
				DEVELOPMENT_TEAM = VPWANFCTRJ;
				INFOPLIST_FILE = Liftracker/Info.plist;
				IPHONEOS_DEPLOYMENT_TARGET = 8.0;
				LD_RUNPATH_SEARCH_PATHS = "$(inherited) @executable_path/Frameworks";
				PRODUCT_BUNDLE_IDENTIFIER = JM.Liftracker.2;
				PRODUCT_NAME = "$(TARGET_NAME)";
				SWIFT_ACTIVE_COMPILATION_CONDITIONS = "ERROR WARNING";
				SWIFT_OBJC_BRIDGING_HEADER = "";
				SWIFT_VERSION = 3.0;
			};
			name = Release;
		};
		52BAB0A41D8F5DCB0051B064 /* Debug */ = {
			isa = XCBuildConfiguration;
			baseConfigurationReference = 7CEDB3EB968199C2D9AE4B99 /* Pods-LiftrackerTests.debug.xcconfig */;
			buildSettings = {
				ALWAYS_EMBED_SWIFT_STANDARD_LIBRARIES = YES;
				BUNDLE_LOADER = "$(TEST_HOST)";
				DEVELOPMENT_TEAM = VPWANFCTRJ;
				INFOPLIST_FILE = LiftrackerTests/Info.plist;
				LD_RUNPATH_SEARCH_PATHS = "$(inherited) @executable_path/Frameworks @loader_path/Frameworks";
				PRODUCT_BUNDLE_IDENTIFIER = JM.LiftrackerTests;
				PRODUCT_NAME = "$(TARGET_NAME)";
				SWIFT_VERSION = 3.0;
				TEST_HOST = "$(BUILT_PRODUCTS_DIR)/Liftracker.app/Liftracker";
			};
			name = Debug;
		};
		52BAB0A51D8F5DCB0051B064 /* Release */ = {
			isa = XCBuildConfiguration;
			baseConfigurationReference = 7F601DB2D3C31DBC3940F096 /* Pods-LiftrackerTests.release.xcconfig */;
			buildSettings = {
				ALWAYS_EMBED_SWIFT_STANDARD_LIBRARIES = YES;
				BUNDLE_LOADER = "$(TEST_HOST)";
				DEVELOPMENT_TEAM = VPWANFCTRJ;
				INFOPLIST_FILE = LiftrackerTests/Info.plist;
				LD_RUNPATH_SEARCH_PATHS = "$(inherited) @executable_path/Frameworks @loader_path/Frameworks";
				PRODUCT_BUNDLE_IDENTIFIER = JM.LiftrackerTests;
				PRODUCT_NAME = "$(TARGET_NAME)";
				SWIFT_VERSION = 3.0;
				TEST_HOST = "$(BUILT_PRODUCTS_DIR)/Liftracker.app/Liftracker";
			};
			name = Release;
		};
		52BAB0A71D8F5DCB0051B064 /* Debug */ = {
			isa = XCBuildConfiguration;
			baseConfigurationReference = 90C81CE81769206316660D92 /* Pods-LiftrackerUITests.debug.xcconfig */;
			buildSettings = {
				ALWAYS_EMBED_SWIFT_STANDARD_LIBRARIES = YES;
				DEVELOPMENT_TEAM = VPWANFCTRJ;
				INFOPLIST_FILE = LiftrackerUITests/Info.plist;
				LD_RUNPATH_SEARCH_PATHS = "$(inherited) @executable_path/Frameworks @loader_path/Frameworks";
				PRODUCT_BUNDLE_IDENTIFIER = JM.LiftrackerUITests;
				PRODUCT_NAME = "$(TARGET_NAME)";
				SWIFT_VERSION = 3.0;
				TEST_TARGET_NAME = Liftracker;
			};
			name = Debug;
		};
		52BAB0A81D8F5DCB0051B064 /* Release */ = {
			isa = XCBuildConfiguration;
			baseConfigurationReference = D940BC020EA5632E6935DE2F /* Pods-LiftrackerUITests.release.xcconfig */;
			buildSettings = {
				ALWAYS_EMBED_SWIFT_STANDARD_LIBRARIES = YES;
				DEVELOPMENT_TEAM = VPWANFCTRJ;
				INFOPLIST_FILE = LiftrackerUITests/Info.plist;
				LD_RUNPATH_SEARCH_PATHS = "$(inherited) @executable_path/Frameworks @loader_path/Frameworks";
				PRODUCT_BUNDLE_IDENTIFIER = JM.LiftrackerUITests;
				PRODUCT_NAME = "$(TARGET_NAME)";
				SWIFT_VERSION = 3.0;
				TEST_TARGET_NAME = Liftracker;
			};
			name = Release;
		};
/* End XCBuildConfiguration section */

/* Begin XCConfigurationList section */
		52BAB0731D8F5DCB0051B064 /* Build configuration list for PBXProject "Liftracker" */ = {
			isa = XCConfigurationList;
			buildConfigurations = (
				52BAB09E1D8F5DCB0051B064 /* Debug */,
				52BAB09F1D8F5DCB0051B064 /* Release */,
			);
			defaultConfigurationIsVisible = 0;
			defaultConfigurationName = Release;
		};
		52BAB0A01D8F5DCB0051B064 /* Build configuration list for PBXNativeTarget "Liftracker" */ = {
			isa = XCConfigurationList;
			buildConfigurations = (
				52BAB0A11D8F5DCB0051B064 /* Debug */,
				52BAB0A21D8F5DCB0051B064 /* Release */,
			);
			defaultConfigurationIsVisible = 0;
			defaultConfigurationName = Release;
		};
		52BAB0A31D8F5DCB0051B064 /* Build configuration list for PBXNativeTarget "LiftrackerTests" */ = {
			isa = XCConfigurationList;
			buildConfigurations = (
				52BAB0A41D8F5DCB0051B064 /* Debug */,
				52BAB0A51D8F5DCB0051B064 /* Release */,
			);
			defaultConfigurationIsVisible = 0;
			defaultConfigurationName = Release;
		};
		52BAB0A61D8F5DCB0051B064 /* Build configuration list for PBXNativeTarget "LiftrackerUITests" */ = {
			isa = XCConfigurationList;
			buildConfigurations = (
				52BAB0A71D8F5DCB0051B064 /* Debug */,
				52BAB0A81D8F5DCB0051B064 /* Release */,
			);
			defaultConfigurationIsVisible = 0;
			defaultConfigurationName = Release;
		};
/* End XCConfigurationList section */

/* Begin XCVersionGroup section */
		52841AFB1E6476C900489ADF /* Liftracker2Model.xcdatamodeld */ = {
			isa = XCVersionGroup;
			children = (
				52841AFC1E6476C900489ADF /* Liftracker2Model.xcdatamodel */,
			);
			currentVersion = 52841AFC1E6476C900489ADF /* Liftracker2Model.xcdatamodel */;
			path = Liftracker2Model.xcdatamodeld;
			sourceTree = "<group>";
			versionGroupType = wrapper.xcdatamodel;
		};
/* End XCVersionGroup section */
	};
	rootObject = 52BAB0701D8F5DCB0051B064 /* Project object */;
}
