// !$*UTF8*$!
{
	archiveVersion = 1;
	classes = {
	};
	objectVersion = 46;
	objects = {

/* Begin PBXBuildFile section */
		398A9DB820A63AA200C140C1 /* Promise+Alternative.swift in Sources */ = {isa = PBXBuildFile; fileRef = 398A9DB720A63AA200C140C1 /* Promise+Alternative.swift */; };
		398A9DBA20A64BDB00C140C1 /* PromiseAlternativeLaws.swift in Sources */ = {isa = PBXBuildFile; fileRef = 398A9DB920A64BDB00C140C1 /* PromiseAlternativeLaws.swift */; };
		398A9DF420A7741E00C140C1 /* ReflectionTests.swift in Sources */ = {isa = PBXBuildFile; fileRef = 52F5A2201DA95275005CB27B /* ReflectionTests.swift */; };
		398A9DF520A7741E00C140C1 /* PromiseApplicativeLaws.swift in Sources */ = {isa = PBXBuildFile; fileRef = 526250B7203A34D800E2795C /* PromiseApplicativeLaws.swift */; };
		398A9DF620A7741E00C140C1 /* ScheduleSpec.swift in Sources */ = {isa = PBXBuildFile; fileRef = 52DCFD7020312BBF001D7DD0 /* ScheduleSpec.swift */; };
		398A9DF720A7741E00C140C1 /* PromiseFunctorLaws.swift in Sources */ = {isa = PBXBuildFile; fileRef = 52DCFD7320391E45001D7DD0 /* PromiseFunctorLaws.swift */; };
		398A9DF820A7741E00C140C1 /* PromiseAlternativeLaws.swift in Sources */ = {isa = PBXBuildFile; fileRef = 398A9DB920A64BDB00C140C1 /* PromiseAlternativeLaws.swift */; };
		398A9DF920A7741E00C140C1 /* Promise+SimpleEquality+Arbitrary.swift in Sources */ = {isa = PBXBuildFile; fileRef = 52DE3E94203A302100F2F0F9 /* Promise+SimpleEquality+Arbitrary.swift */; };
		398A9DFA20A7741E00C140C1 /* KVSpec.swift in Sources */ = {isa = PBXBuildFile; fileRef = 526250C3203D333900E2795C /* KVSpec.swift */; };
		398A9DFB20A7741E00C140C1 /* PromiseMonadLaws.swift in Sources */ = {isa = PBXBuildFile; fileRef = 526250B9203B9FBA00E2795C /* PromiseMonadLaws.swift */; };
		39C822EC20A8EE0300D4B41A /* Workout.swift in Sources */ = {isa = PBXBuildFile; fileRef = 39C822EB20A8EE0300D4B41A /* Workout.swift */; };
		39C822EE20A8EE4C00D4B41A /* WorkoutSet.swift in Sources */ = {isa = PBXBuildFile; fileRef = 39C822ED20A8EE4C00D4B41A /* WorkoutSet.swift */; };
		39C822F020A8EEB700D4B41A /* Category.swift in Sources */ = {isa = PBXBuildFile; fileRef = 39C822EF20A8EEB700D4B41A /* Category.swift */; };
		39C822F220A8EEF100D4B41A /* Exercice.swift in Sources */ = {isa = PBXBuildFile; fileRef = 39C822F120A8EEF100D4B41A /* Exercice.swift */; };
		39C822F420A8F05D00D4B41A /* Rep.swift in Sources */ = {isa = PBXBuildFile; fileRef = 39C822F320A8F05D00D4B41A /* Rep.swift */; };
		39C822F620A8F19100D4B41A /* PromisedRealm.swift in Sources */ = {isa = PBXBuildFile; fileRef = 39C822F520A8F19100D4B41A /* PromisedRealm.swift */; };
		39E320AB22345BA500FFCBCD /* LiftrackerUITests.swift in Sources */ = {isa = PBXBuildFile; fileRef = 39E320AA22345BA500FFCBCD /* LiftrackerUITests.swift */; };
		39E320B322345E3E00FFCBCD /* Promise+Subject.swift in Sources */ = {isa = PBXBuildFile; fileRef = 39E320B222345E3E00FFCBCD /* Promise+Subject.swift */; };
		4734495AEAA38A144CF19DCA /* Pods_Liftracker_Tests_LiftrackerUITests.framework in Frameworks */ = {isa = PBXBuildFile; fileRef = B35466CDBA0221B8AD2B3324 /* Pods_Liftracker_Tests_LiftrackerUITests.framework */; };
		522F03FE1DADDFB700560EBF /* SectionedResult.swift in Sources */ = {isa = PBXBuildFile; fileRef = 522F03FD1DADDFB700560EBF /* SectionedResult.swift */; };
		52375BB31E6241770052E119 /* Promise+Applicative.swift in Sources */ = {isa = PBXBuildFile; fileRef = 52375BB01E6241770052E119 /* Promise+Applicative.swift */; };
		52375BB51E6241770052E119 /* Promise+Functor.swift in Sources */ = {isa = PBXBuildFile; fileRef = 52375BB11E6241770052E119 /* Promise+Functor.swift */; };
		52375BB71E6241770052E119 /* Promise+Monad.swift in Sources */ = {isa = PBXBuildFile; fileRef = 52375BB21E6241770052E119 /* Promise+Monad.swift */; };
		52375BC41E62935D0052E119 /* VersionUtil.swift in Sources */ = {isa = PBXBuildFile; fileRef = 52375BC31E62935D0052E119 /* VersionUtil.swift */; };
		52375BC61E634A130052E119 /* WorkoutTableViewController.swift in Sources */ = {isa = PBXBuildFile; fileRef = 52375BC51E634A130052E119 /* WorkoutTableViewController.swift */; };
		52470E491E50FC2F00E54878 /* AppAction.swift in Sources */ = {isa = PBXBuildFile; fileRef = 52470E481E50FC2F00E54878 /* AppAction.swift */; };
		52470E4C1E50FF9F00E54878 /* AppActions.swift in Sources */ = {isa = PBXBuildFile; fileRef = 52470E4B1E50FF9F00E54878 /* AppActions.swift */; };
		52470E4E1E51047F00E54878 /* FirstLaunchAction.swift in Sources */ = {isa = PBXBuildFile; fileRef = 52470E4D1E51047F00E54878 /* FirstLaunchAction.swift */; };
		52470E571E51081C00E54878 /* LiftrackerPreferences.swift in Sources */ = {isa = PBXBuildFile; fileRef = 52470E561E51081C00E54878 /* LiftrackerPreferences.swift */; };
		52470E5A1E510A0F00E54878 /* SetDefaultsAction.swift in Sources */ = {isa = PBXBuildFile; fileRef = 52470E591E510A0F00E54878 /* SetDefaultsAction.swift */; };
		5247CF262027DCBC00ED119D /* KVStore.swift in Sources */ = {isa = PBXBuildFile; fileRef = 5247CF242027DCBC00ED119D /* KVStore.swift */; };
		5247CF272027DCBC00ED119D /* KVEntry.swift in Sources */ = {isa = PBXBuildFile; fileRef = 5247CF252027DCBC00ED119D /* KVEntry.swift */; };
		5247CF2A2027DDDA00ED119D /* ReflectionTests.swift in Sources */ = {isa = PBXBuildFile; fileRef = 52F5A2201DA95275005CB27B /* ReflectionTests.swift */; };
		5247CF2E2027DEA300ED119D /* Day.swift in Sources */ = {isa = PBXBuildFile; fileRef = 5247CF2D2027DEA300ED119D /* Day.swift */; };
		5247CF302027DEBA00ED119D /* UserDefaults+KVStore.swift in Sources */ = {isa = PBXBuildFile; fileRef = 5247CF2F2027DEB900ED119D /* UserDefaults+KVStore.swift */; };
		526250B8203A34D800E2795C /* PromiseApplicativeLaws.swift in Sources */ = {isa = PBXBuildFile; fileRef = 526250B7203A34D800E2795C /* PromiseApplicativeLaws.swift */; };
		526250BA203B9FBA00E2795C /* PromiseMonadLaws.swift in Sources */ = {isa = PBXBuildFile; fileRef = 526250B9203B9FBA00E2795C /* PromiseMonadLaws.swift */; };
		526250C4203D333900E2795C /* KVSpec.swift in Sources */ = {isa = PBXBuildFile; fileRef = 526250C3203D333900E2795C /* KVSpec.swift */; };
		526250C6203D3D9E00E2795C /* LoggingUtil.swift in Sources */ = {isa = PBXBuildFile; fileRef = 526250C5203D3D9E00E2795C /* LoggingUtil.swift */; };
		52838CAB1DF4AC1000A940BA /* HomeViewController.swift in Sources */ = {isa = PBXBuildFile; fileRef = 52838CAA1DF4AC1000A940BA /* HomeViewController.swift */; };
		52841AF91E638CF300489ADF /* Schedule.swift in Sources */ = {isa = PBXBuildFile; fileRef = 52841AF81E638CF300489ADF /* Schedule.swift */; };
		52841AFD1E6476C900489ADF /* Liftracker2Model.xcdatamodeld in Sources */ = {isa = PBXBuildFile; fileRef = 52841AFB1E6476C900489ADF /* Liftracker2Model.xcdatamodeld */; };
		52841B001E647C6700489ADF /* CoreDataManager.swift in Sources */ = {isa = PBXBuildFile; fileRef = 52841AFF1E647C6700489ADF /* CoreDataManager.swift */; };
		52841B041E6E491000489ADF /* AddWorkoutViewController.swift in Sources */ = {isa = PBXBuildFile; fileRef = 52841B031E6E491000489ADF /* AddWorkoutViewController.swift */; };
		52BAB07C1D8F5DCB0051B064 /* AppDelegate.swift in Sources */ = {isa = PBXBuildFile; fileRef = 52BAB07B1D8F5DCB0051B064 /* AppDelegate.swift */; };
		52BAB0811D8F5DCB0051B064 /* Main.storyboard in Resources */ = {isa = PBXBuildFile; fileRef = 52BAB07F1D8F5DCB0051B064 /* Main.storyboard */; };
		52BAB0861D8F5DCB0051B064 /* LaunchScreen.storyboard in Resources */ = {isa = PBXBuildFile; fileRef = 52BAB0841D8F5DCB0051B064 /* LaunchScreen.storyboard */; };
		52CC556F1DAAA609004211E6 /* Assets.xcassets in Resources */ = {isa = PBXBuildFile; fileRef = 52BAB0821D8F5DCB0051B064 /* Assets.xcassets */; };
		52DCFD7120312BBF001D7DD0 /* ScheduleSpec.swift in Sources */ = {isa = PBXBuildFile; fileRef = 52DCFD7020312BBF001D7DD0 /* ScheduleSpec.swift */; };
		52DCFD7420391E45001D7DD0 /* PromiseFunctorLaws.swift in Sources */ = {isa = PBXBuildFile; fileRef = 52DCFD7320391E45001D7DD0 /* PromiseFunctorLaws.swift */; };
		52DE3E95203A302100F2F0F9 /* Promise+SimpleEquality+Arbitrary.swift in Sources */ = {isa = PBXBuildFile; fileRef = 52DE3E94203A302100F2F0F9 /* Promise+SimpleEquality+Arbitrary.swift */; };
		52E1DF1A1DAAA6D700269460 /* LiftrackerNotification.swift in Sources */ = {isa = PBXBuildFile; fileRef = 52E1DF191DAAA6D700269460 /* LiftrackerNotification.swift */; };
		52E1DF1C1DAAEBAF00269460 /* WorkoutNotification.swift in Sources */ = {isa = PBXBuildFile; fileRef = 52E1DF1B1DAAEBAF00269460 /* WorkoutNotification.swift */; };
		52E1DF1E1DAB193500269460 /* AnalyticsUtil.swift in Sources */ = {isa = PBXBuildFile; fileRef = 52E1DF1D1DAB193500269460 /* AnalyticsUtil.swift */; };
		52E1DF211DAB389000269460 /* AnalystProtocols.swift in Sources */ = {isa = PBXBuildFile; fileRef = 52E1DF201DAB389000269460 /* AnalystProtocols.swift */; };
		52E1DF261DAB4FEB00269460 /* GroupAnalyst.swift in Sources */ = {isa = PBXBuildFile; fileRef = 52E1DF251DAB4FEB00269460 /* GroupAnalyst.swift */; };
		52E1DF281DAB502C00269460 /* PieChartArtist.swift in Sources */ = {isa = PBXBuildFile; fileRef = 52E1DF271DAB502C00269460 /* PieChartArtist.swift */; };
		52E1DF2C1DADC65500269460 /* Judge.swift in Sources */ = {isa = PBXBuildFile; fileRef = 52E1DF2B1DADC65500269460 /* Judge.swift */; };
		52E1DF2E1DADC98D00269460 /* JudgePool.swift in Sources */ = {isa = PBXBuildFile; fileRef = 52E1DF2D1DADC98D00269460 /* JudgePool.swift */; };
		52F5A21C1DA93EF0005CB27B /* NotificationUtil.swift in Sources */ = {isa = PBXBuildFile; fileRef = 52F5A21B1DA93EF0005CB27B /* NotificationUtil.swift */; };
		52F5A21F1DA9446F005CB27B /* ReflectionUtil.swift in Sources */ = {isa = PBXBuildFile; fileRef = 52F5A21E1DA9446F005CB27B /* ReflectionUtil.swift */; };
		52F5A2261DAAA2D6005CB27B /* FileUtil.swift in Sources */ = {isa = PBXBuildFile; fileRef = 52F5A2251DAAA2D6005CB27B /* FileUtil.swift */; };
		52F5A2281DAAA528005CB27B /* BaseUtil.swift in Sources */ = {isa = PBXBuildFile; fileRef = 52F5A2271DAAA528005CB27B /* BaseUtil.swift */; };
		7E3AF699C905DB4489711E61 /* Pods_Liftracker_Tests_LiftrackerTests.framework in Frameworks */ = {isa = PBXBuildFile; fileRef = 55027E5DDE0C0116C82B1A1C /* Pods_Liftracker_Tests_LiftrackerTests.framework */; };
		99A29AAC44E190BFAF28FC20 /* Pods_Liftracker.framework in Frameworks */ = {isa = PBXBuildFile; fileRef = B983B5DB6C47BE4DE1A7E0B9 /* Pods_Liftracker.framework */; };
		A91CB0993B593CFD31A7BF47 /* Pods_Liftracker_Tests_LiftrackerLongTests.framework in Frameworks */ = {isa = PBXBuildFile; fileRef = 91B3F72BFA2CCFE2034FF319 /* Pods_Liftracker_Tests_LiftrackerLongTests.framework */; };
		E34FFE886250E6EA84E495B1 /* Pods_LiftrackerTests.framework in Frameworks */ = {isa = PBXBuildFile; fileRef = 8CD7FE95380F4CF4C80F64BE /* Pods_LiftrackerTests.framework */; };
/* End PBXBuildFile section */

/* Begin PBXContainerItemProxy section */
		398A9DF120A7741E00C140C1 /* PBXContainerItemProxy */ = {
			isa = PBXContainerItemProxy;
			containerPortal = 52BAB0701D8F5DCB0051B064 /* Project object */;
			proxyType = 1;
			remoteGlobalIDString = 52BAB0771D8F5DCB0051B064;
			remoteInfo = Liftracker;
		};
		39E320AD22345BA500FFCBCD /* PBXContainerItemProxy */ = {
			isa = PBXContainerItemProxy;
			containerPortal = 52BAB0701D8F5DCB0051B064 /* Project object */;
			proxyType = 1;
			remoteGlobalIDString = 52BAB0771D8F5DCB0051B064;
			remoteInfo = Liftracker;
		};
		52BAB08D1D8F5DCB0051B064 /* PBXContainerItemProxy */ = {
			isa = PBXContainerItemProxy;
			containerPortal = 52BAB0701D8F5DCB0051B064 /* Project object */;
			proxyType = 1;
			remoteGlobalIDString = 52BAB0771D8F5DCB0051B064;
			remoteInfo = Liftracker;
		};
/* End PBXContainerItemProxy section */

/* Begin PBXFileReference section */
		17C3165FBB4136626F20314C /* Pods-Liftracker-Tests-LiftrackerTests.debug.xcconfig */ = {isa = PBXFileReference; includeInIndex = 1; lastKnownFileType = text.xcconfig; name = "Pods-Liftracker-Tests-LiftrackerTests.debug.xcconfig"; path = "Pods/Target Support Files/Pods-Liftracker-Tests-LiftrackerTests/Pods-Liftracker-Tests-LiftrackerTests.debug.xcconfig"; sourceTree = "<group>"; };
		3180D86B6F46B0071625FA26 /* Pods-LiftrackerTests.debug.xcconfig */ = {isa = PBXFileReference; includeInIndex = 1; lastKnownFileType = text.xcconfig; name = "Pods-LiftrackerTests.debug.xcconfig"; path = "Pods/Target Support Files/Pods-LiftrackerTests/Pods-LiftrackerTests.debug.xcconfig"; sourceTree = "<group>"; };
		398A9DB720A63AA200C140C1 /* Promise+Alternative.swift */ = {isa = PBXFileReference; lastKnownFileType = sourcecode.swift; path = "Promise+Alternative.swift"; sourceTree = "<group>"; };
		398A9DB920A64BDB00C140C1 /* PromiseAlternativeLaws.swift */ = {isa = PBXFileReference; lastKnownFileType = sourcecode.swift; path = PromiseAlternativeLaws.swift; sourceTree = "<group>"; };
		398A9DEE20A6581900C140C1 /* Liftracker copy-Info.plist */ = {isa = PBXFileReference; lastKnownFileType = text.plist.xml; name = "Liftracker copy-Info.plist"; path = "/Users/johnmcavey/code/Liftracker/Liftracker copy-Info.plist"; sourceTree = "<absolute>"; };
		398A9E0320A7741E00C140C1 /* LiftrackerLongTests.xctest */ = {isa = PBXFileReference; explicitFileType = wrapper.cfbundle; includeInIndex = 0; path = LiftrackerLongTests.xctest; sourceTree = BUILT_PRODUCTS_DIR; };
		398A9E0420A7741F00C140C1 /* LiftrackerTests copy-Info.plist */ = {isa = PBXFileReference; lastKnownFileType = text.plist.xml; name = "LiftrackerTests copy-Info.plist"; path = "/Users/johnmcavey/code/Liftracker/LiftrackerTests copy-Info.plist"; sourceTree = "<absolute>"; };
		39C822EB20A8EE0300D4B41A /* Workout.swift */ = {isa = PBXFileReference; lastKnownFileType = sourcecode.swift; path = Workout.swift; sourceTree = "<group>"; };
		39C822ED20A8EE4C00D4B41A /* WorkoutSet.swift */ = {isa = PBXFileReference; lastKnownFileType = sourcecode.swift; path = WorkoutSet.swift; sourceTree = "<group>"; };
		39C822EF20A8EEB700D4B41A /* Category.swift */ = {isa = PBXFileReference; lastKnownFileType = sourcecode.swift; path = Category.swift; sourceTree = "<group>"; };
		39C822F120A8EEF100D4B41A /* Exercice.swift */ = {isa = PBXFileReference; lastKnownFileType = sourcecode.swift; path = Exercice.swift; sourceTree = "<group>"; };
		39C822F320A8F05D00D4B41A /* Rep.swift */ = {isa = PBXFileReference; lastKnownFileType = sourcecode.swift; path = Rep.swift; sourceTree = "<group>"; };
		39C822F520A8F19100D4B41A /* PromisedRealm.swift */ = {isa = PBXFileReference; lastKnownFileType = sourcecode.swift; path = PromisedRealm.swift; sourceTree = "<group>"; };
		39E320A822345BA400FFCBCD /* LiftrackerUITests.xctest */ = {isa = PBXFileReference; explicitFileType = wrapper.cfbundle; includeInIndex = 0; path = LiftrackerUITests.xctest; sourceTree = BUILT_PRODUCTS_DIR; };
		39E320AA22345BA500FFCBCD /* LiftrackerUITests.swift */ = {isa = PBXFileReference; lastKnownFileType = sourcecode.swift; path = LiftrackerUITests.swift; sourceTree = "<group>"; };
		39E320AC22345BA500FFCBCD /* Info.plist */ = {isa = PBXFileReference; lastKnownFileType = text.plist.xml; path = Info.plist; sourceTree = "<group>"; };
		39E320B222345E3E00FFCBCD /* Promise+Subject.swift */ = {isa = PBXFileReference; lastKnownFileType = sourcecode.swift; path = "Promise+Subject.swift"; sourceTree = "<group>"; };
		43D83FE4FE72C357F2579608 /* Pods-Liftracker-Tests-LiftrackerLongTests.release.xcconfig */ = {isa = PBXFileReference; includeInIndex = 1; lastKnownFileType = text.xcconfig; name = "Pods-Liftracker-Tests-LiftrackerLongTests.release.xcconfig"; path = "Pods/Target Support Files/Pods-Liftracker-Tests-LiftrackerLongTests/Pods-Liftracker-Tests-LiftrackerLongTests.release.xcconfig"; sourceTree = "<group>"; };
		460D3E10BC974A8C127A426F /* Pods-Liftracker-Tests-LiftrackerUITests.debug.xcconfig */ = {isa = PBXFileReference; includeInIndex = 1; lastKnownFileType = text.xcconfig; name = "Pods-Liftracker-Tests-LiftrackerUITests.debug.xcconfig"; path = "Pods/Target Support Files/Pods-Liftracker-Tests-LiftrackerUITests/Pods-Liftracker-Tests-LiftrackerUITests.debug.xcconfig"; sourceTree = "<group>"; };
		50BAB4F1FF2CD60B8A2F9801 /* Pods-Liftracker-Tests-LiftrackerLongTests.debug.xcconfig */ = {isa = PBXFileReference; includeInIndex = 1; lastKnownFileType = text.xcconfig; name = "Pods-Liftracker-Tests-LiftrackerLongTests.debug.xcconfig"; path = "Pods/Target Support Files/Pods-Liftracker-Tests-LiftrackerLongTests/Pods-Liftracker-Tests-LiftrackerLongTests.debug.xcconfig"; sourceTree = "<group>"; };
		522F03FD1DADDFB700560EBF /* SectionedResult.swift */ = {isa = PBXFileReference; fileEncoding = 4; lastKnownFileType = sourcecode.swift; path = SectionedResult.swift; sourceTree = "<group>"; };
		52375BB01E6241770052E119 /* Promise+Applicative.swift */ = {isa = PBXFileReference; fileEncoding = 4; lastKnownFileType = sourcecode.swift; path = "Promise+Applicative.swift"; sourceTree = "<group>"; };
		52375BB11E6241770052E119 /* Promise+Functor.swift */ = {isa = PBXFileReference; fileEncoding = 4; lastKnownFileType = sourcecode.swift; path = "Promise+Functor.swift"; sourceTree = "<group>"; };
		52375BB21E6241770052E119 /* Promise+Monad.swift */ = {isa = PBXFileReference; fileEncoding = 4; lastKnownFileType = sourcecode.swift; path = "Promise+Monad.swift"; sourceTree = "<group>"; };
		52375BC31E62935D0052E119 /* VersionUtil.swift */ = {isa = PBXFileReference; fileEncoding = 4; lastKnownFileType = sourcecode.swift; path = VersionUtil.swift; sourceTree = "<group>"; };
		52375BC51E634A130052E119 /* WorkoutTableViewController.swift */ = {isa = PBXFileReference; fileEncoding = 4; lastKnownFileType = sourcecode.swift; path = WorkoutTableViewController.swift; sourceTree = "<group>"; };
		52470E481E50FC2F00E54878 /* AppAction.swift */ = {isa = PBXFileReference; fileEncoding = 4; lastKnownFileType = sourcecode.swift; path = AppAction.swift; sourceTree = "<group>"; };
		52470E4B1E50FF9F00E54878 /* AppActions.swift */ = {isa = PBXFileReference; fileEncoding = 4; lastKnownFileType = sourcecode.swift; path = AppActions.swift; sourceTree = "<group>"; };
		52470E4D1E51047F00E54878 /* FirstLaunchAction.swift */ = {isa = PBXFileReference; fileEncoding = 4; lastKnownFileType = sourcecode.swift; path = FirstLaunchAction.swift; sourceTree = "<group>"; };
		52470E561E51081C00E54878 /* LiftrackerPreferences.swift */ = {isa = PBXFileReference; fileEncoding = 4; lastKnownFileType = sourcecode.swift; path = LiftrackerPreferences.swift; sourceTree = "<group>"; };
		52470E591E510A0F00E54878 /* SetDefaultsAction.swift */ = {isa = PBXFileReference; fileEncoding = 4; lastKnownFileType = sourcecode.swift; path = SetDefaultsAction.swift; sourceTree = "<group>"; };
		5247CF242027DCBC00ED119D /* KVStore.swift */ = {isa = PBXFileReference; fileEncoding = 4; lastKnownFileType = sourcecode.swift; path = KVStore.swift; sourceTree = "<group>"; };
		5247CF252027DCBC00ED119D /* KVEntry.swift */ = {isa = PBXFileReference; fileEncoding = 4; lastKnownFileType = sourcecode.swift; path = KVEntry.swift; sourceTree = "<group>"; };
		5247CF2D2027DEA300ED119D /* Day.swift */ = {isa = PBXFileReference; fileEncoding = 4; lastKnownFileType = sourcecode.swift; path = Day.swift; sourceTree = "<group>"; };
		5247CF2F2027DEB900ED119D /* UserDefaults+KVStore.swift */ = {isa = PBXFileReference; fileEncoding = 4; lastKnownFileType = sourcecode.swift; path = "UserDefaults+KVStore.swift"; sourceTree = "<group>"; };
		526250B7203A34D800E2795C /* PromiseApplicativeLaws.swift */ = {isa = PBXFileReference; lastKnownFileType = sourcecode.swift; path = PromiseApplicativeLaws.swift; sourceTree = "<group>"; };
		526250B9203B9FBA00E2795C /* PromiseMonadLaws.swift */ = {isa = PBXFileReference; lastKnownFileType = sourcecode.swift; path = PromiseMonadLaws.swift; sourceTree = "<group>"; };
		526250C3203D333900E2795C /* KVSpec.swift */ = {isa = PBXFileReference; lastKnownFileType = sourcecode.swift; path = KVSpec.swift; sourceTree = "<group>"; };
		526250C5203D3D9E00E2795C /* LoggingUtil.swift */ = {isa = PBXFileReference; fileEncoding = 4; lastKnownFileType = sourcecode.swift; path = LoggingUtil.swift; sourceTree = "<group>"; };
		52838CAA1DF4AC1000A940BA /* HomeViewController.swift */ = {isa = PBXFileReference; fileEncoding = 4; lastKnownFileType = sourcecode.swift; path = HomeViewController.swift; sourceTree = "<group>"; };
		52841AF81E638CF300489ADF /* Schedule.swift */ = {isa = PBXFileReference; fileEncoding = 4; lastKnownFileType = sourcecode.swift; path = Schedule.swift; sourceTree = "<group>"; };
		52841AFC1E6476C900489ADF /* Liftracker2Model.xcdatamodel */ = {isa = PBXFileReference; lastKnownFileType = wrapper.xcdatamodel; path = Liftracker2Model.xcdatamodel; sourceTree = "<group>"; };
		52841AFF1E647C6700489ADF /* CoreDataManager.swift */ = {isa = PBXFileReference; fileEncoding = 4; lastKnownFileType = sourcecode.swift; path = CoreDataManager.swift; sourceTree = "<group>"; };
		52841B031E6E491000489ADF /* AddWorkoutViewController.swift */ = {isa = PBXFileReference; fileEncoding = 4; lastKnownFileType = sourcecode.swift; path = AddWorkoutViewController.swift; sourceTree = "<group>"; };
		52BAB0781D8F5DCB0051B064 /* Liftracker.app */ = {isa = PBXFileReference; explicitFileType = wrapper.application; includeInIndex = 0; path = Liftracker.app; sourceTree = BUILT_PRODUCTS_DIR; };
		52BAB07B1D8F5DCB0051B064 /* AppDelegate.swift */ = {isa = PBXFileReference; lastKnownFileType = sourcecode.swift; path = AppDelegate.swift; sourceTree = "<group>"; };
		52BAB0801D8F5DCB0051B064 /* Base */ = {isa = PBXFileReference; lastKnownFileType = file.storyboard; name = Base; path = Base.lproj/Main.storyboard; sourceTree = "<group>"; };
		52BAB0821D8F5DCB0051B064 /* Assets.xcassets */ = {isa = PBXFileReference; lastKnownFileType = folder.assetcatalog; path = Assets.xcassets; sourceTree = "<group>"; };
		52BAB0851D8F5DCB0051B064 /* Base */ = {isa = PBXFileReference; lastKnownFileType = file.storyboard; name = Base; path = Base.lproj/LaunchScreen.storyboard; sourceTree = "<group>"; };
		52BAB0871D8F5DCB0051B064 /* Info.plist */ = {isa = PBXFileReference; lastKnownFileType = text.plist.xml; path = Info.plist; sourceTree = "<group>"; };
		52BAB08C1D8F5DCB0051B064 /* LiftrackerTests.xctest */ = {isa = PBXFileReference; explicitFileType = wrapper.cfbundle; includeInIndex = 0; path = LiftrackerTests.xctest; sourceTree = BUILT_PRODUCTS_DIR; };
		52BAB0921D8F5DCB0051B064 /* Info.plist */ = {isa = PBXFileReference; lastKnownFileType = text.plist.xml; path = Info.plist; sourceTree = "<group>"; };
		52DCFD7020312BBF001D7DD0 /* ScheduleSpec.swift */ = {isa = PBXFileReference; lastKnownFileType = sourcecode.swift; path = ScheduleSpec.swift; sourceTree = "<group>"; };
		52DCFD7320391E45001D7DD0 /* PromiseFunctorLaws.swift */ = {isa = PBXFileReference; lastKnownFileType = sourcecode.swift; path = PromiseFunctorLaws.swift; sourceTree = "<group>"; };
		52DE3E94203A302100F2F0F9 /* Promise+SimpleEquality+Arbitrary.swift */ = {isa = PBXFileReference; lastKnownFileType = sourcecode.swift; path = "Promise+SimpleEquality+Arbitrary.swift"; sourceTree = "<group>"; };
		52E1DF191DAAA6D700269460 /* LiftrackerNotification.swift */ = {isa = PBXFileReference; fileEncoding = 4; lastKnownFileType = sourcecode.swift; path = LiftrackerNotification.swift; sourceTree = "<group>"; };
		52E1DF1B1DAAEBAF00269460 /* WorkoutNotification.swift */ = {isa = PBXFileReference; fileEncoding = 4; lastKnownFileType = sourcecode.swift; path = WorkoutNotification.swift; sourceTree = "<group>"; };
		52E1DF1D1DAB193500269460 /* AnalyticsUtil.swift */ = {isa = PBXFileReference; fileEncoding = 4; lastKnownFileType = sourcecode.swift; path = AnalyticsUtil.swift; sourceTree = "<group>"; };
		52E1DF201DAB389000269460 /* AnalystProtocols.swift */ = {isa = PBXFileReference; fileEncoding = 4; lastKnownFileType = sourcecode.swift; path = AnalystProtocols.swift; sourceTree = "<group>"; };
		52E1DF251DAB4FEB00269460 /* GroupAnalyst.swift */ = {isa = PBXFileReference; fileEncoding = 4; lastKnownFileType = sourcecode.swift; path = GroupAnalyst.swift; sourceTree = "<group>"; };
		52E1DF271DAB502C00269460 /* PieChartArtist.swift */ = {isa = PBXFileReference; fileEncoding = 4; lastKnownFileType = sourcecode.swift; path = PieChartArtist.swift; sourceTree = "<group>"; };
		52E1DF2B1DADC65500269460 /* Judge.swift */ = {isa = PBXFileReference; fileEncoding = 4; lastKnownFileType = sourcecode.swift; path = Judge.swift; sourceTree = "<group>"; };
		52E1DF2D1DADC98D00269460 /* JudgePool.swift */ = {isa = PBXFileReference; fileEncoding = 4; lastKnownFileType = sourcecode.swift; path = JudgePool.swift; sourceTree = "<group>"; };
		52F5A21B1DA93EF0005CB27B /* NotificationUtil.swift */ = {isa = PBXFileReference; fileEncoding = 4; lastKnownFileType = sourcecode.swift; path = NotificationUtil.swift; sourceTree = "<group>"; };
		52F5A21E1DA9446F005CB27B /* ReflectionUtil.swift */ = {isa = PBXFileReference; fileEncoding = 4; lastKnownFileType = sourcecode.swift; path = ReflectionUtil.swift; sourceTree = "<group>"; };
		52F5A2201DA95275005CB27B /* ReflectionTests.swift */ = {isa = PBXFileReference; fileEncoding = 4; lastKnownFileType = sourcecode.swift; path = ReflectionTests.swift; sourceTree = "<group>"; };
		52F5A2251DAAA2D6005CB27B /* FileUtil.swift */ = {isa = PBXFileReference; fileEncoding = 4; lastKnownFileType = sourcecode.swift; path = FileUtil.swift; sourceTree = "<group>"; };
		52F5A2271DAAA528005CB27B /* BaseUtil.swift */ = {isa = PBXFileReference; fileEncoding = 4; lastKnownFileType = sourcecode.swift; path = BaseUtil.swift; sourceTree = "<group>"; };
		53A9E45D9877A0CB88044751 /* Pods_LiftrackerUITests.framework */ = {isa = PBXFileReference; explicitFileType = wrapper.framework; includeInIndex = 0; path = Pods_LiftrackerUITests.framework; sourceTree = BUILT_PRODUCTS_DIR; };
		55027E5DDE0C0116C82B1A1C /* Pods_Liftracker_Tests_LiftrackerTests.framework */ = {isa = PBXFileReference; explicitFileType = wrapper.framework; includeInIndex = 0; path = Pods_Liftracker_Tests_LiftrackerTests.framework; sourceTree = BUILT_PRODUCTS_DIR; };
		5FC9D0A2544F3FD94FF0588B /* Pods-Liftracker.release.xcconfig */ = {isa = PBXFileReference; includeInIndex = 1; lastKnownFileType = text.xcconfig; name = "Pods-Liftracker.release.xcconfig"; path = "Pods/Target Support Files/Pods-Liftracker/Pods-Liftracker.release.xcconfig"; sourceTree = "<group>"; };
		6D998CE97F57CBAF431C1D5B /* Pods-LiftrackerTests.release.xcconfig */ = {isa = PBXFileReference; includeInIndex = 1; lastKnownFileType = text.xcconfig; name = "Pods-LiftrackerTests.release.xcconfig"; path = "Pods/Target Support Files/Pods-LiftrackerTests/Pods-LiftrackerTests.release.xcconfig"; sourceTree = "<group>"; };
		81B9D3E0014F04289E568E41 /* Pods-Liftracker-Tests-LiftrackerTests.release.xcconfig */ = {isa = PBXFileReference; includeInIndex = 1; lastKnownFileType = text.xcconfig; name = "Pods-Liftracker-Tests-LiftrackerTests.release.xcconfig"; path = "Pods/Target Support Files/Pods-Liftracker-Tests-LiftrackerTests/Pods-Liftracker-Tests-LiftrackerTests.release.xcconfig"; sourceTree = "<group>"; };
		8CD7FE95380F4CF4C80F64BE /* Pods_LiftrackerTests.framework */ = {isa = PBXFileReference; explicitFileType = wrapper.framework; includeInIndex = 0; path = Pods_LiftrackerTests.framework; sourceTree = BUILT_PRODUCTS_DIR; };
		90C81CE81769206316660D92 /* Pods-LiftrackerUITests.debug.xcconfig */ = {isa = PBXFileReference; includeInIndex = 1; lastKnownFileType = text.xcconfig; name = "Pods-LiftrackerUITests.debug.xcconfig"; path = "Pods/Target Support Files/Pods-LiftrackerUITests/Pods-LiftrackerUITests.debug.xcconfig"; sourceTree = "<group>"; };
		91B3F72BFA2CCFE2034FF319 /* Pods_Liftracker_Tests_LiftrackerLongTests.framework */ = {isa = PBXFileReference; explicitFileType = wrapper.framework; includeInIndex = 0; path = Pods_Liftracker_Tests_LiftrackerLongTests.framework; sourceTree = BUILT_PRODUCTS_DIR; };
		9AB41938C40E927E8DB13011 /* Pods-Liftracker.debug.xcconfig */ = {isa = PBXFileReference; includeInIndex = 1; lastKnownFileType = text.xcconfig; name = "Pods-Liftracker.debug.xcconfig"; path = "Pods/Target Support Files/Pods-Liftracker/Pods-Liftracker.debug.xcconfig"; sourceTree = "<group>"; };
		B35466CDBA0221B8AD2B3324 /* Pods_Liftracker_Tests_LiftrackerUITests.framework */ = {isa = PBXFileReference; explicitFileType = wrapper.framework; includeInIndex = 0; path = Pods_Liftracker_Tests_LiftrackerUITests.framework; sourceTree = BUILT_PRODUCTS_DIR; };
		B983B5DB6C47BE4DE1A7E0B9 /* Pods_Liftracker.framework */ = {isa = PBXFileReference; explicitFileType = wrapper.framework; includeInIndex = 0; path = Pods_Liftracker.framework; sourceTree = BUILT_PRODUCTS_DIR; };
		CD63658E3A91B1DA91FF058E /* Pods-Liftracker-Tests-LiftrackerUITests.release.xcconfig */ = {isa = PBXFileReference; includeInIndex = 1; lastKnownFileType = text.xcconfig; name = "Pods-Liftracker-Tests-LiftrackerUITests.release.xcconfig"; path = "Pods/Target Support Files/Pods-Liftracker-Tests-LiftrackerUITests/Pods-Liftracker-Tests-LiftrackerUITests.release.xcconfig"; sourceTree = "<group>"; };
		D940BC020EA5632E6935DE2F /* Pods-LiftrackerUITests.release.xcconfig */ = {isa = PBXFileReference; includeInIndex = 1; lastKnownFileType = text.xcconfig; name = "Pods-LiftrackerUITests.release.xcconfig"; path = "Pods/Target Support Files/Pods-LiftrackerUITests/Pods-LiftrackerUITests.release.xcconfig"; sourceTree = "<group>"; };
/* End PBXFileReference section */

/* Begin PBXFrameworksBuildPhase section */
		398A9DFC20A7741E00C140C1 /* Frameworks */ = {
			isa = PBXFrameworksBuildPhase;
			buildActionMask = 2147483647;
			files = (
				A91CB0993B593CFD31A7BF47 /* Pods_Liftracker_Tests_LiftrackerLongTests.framework in Frameworks */,
			);
			runOnlyForDeploymentPostprocessing = 0;
		};
		39E320A522345BA400FFCBCD /* Frameworks */ = {
			isa = PBXFrameworksBuildPhase;
			buildActionMask = 2147483647;
			files = (
				4734495AEAA38A144CF19DCA /* Pods_Liftracker_Tests_LiftrackerUITests.framework in Frameworks */,
			);
			runOnlyForDeploymentPostprocessing = 0;
		};
		52BAB0751D8F5DCB0051B064 /* Frameworks */ = {
			isa = PBXFrameworksBuildPhase;
			buildActionMask = 2147483647;
			files = (
				99A29AAC44E190BFAF28FC20 /* Pods_Liftracker.framework in Frameworks */,
			);
			runOnlyForDeploymentPostprocessing = 0;
		};
		52BAB0891D8F5DCB0051B064 /* Frameworks */ = {
			isa = PBXFrameworksBuildPhase;
			buildActionMask = 2147483647;
			files = (
				E34FFE886250E6EA84E495B1 /* Pods_LiftrackerTests.framework in Frameworks */,
				7E3AF699C905DB4489711E61 /* Pods_Liftracker_Tests_LiftrackerTests.framework in Frameworks */,
			);
			runOnlyForDeploymentPostprocessing = 0;
		};
/* End PBXFrameworksBuildPhase section */

/* Begin PBXGroup section */
		39C822EA20A8EDF700D4B41A /* Models */ = {
			isa = PBXGroup;
			children = (
				39C822EB20A8EE0300D4B41A /* Workout.swift */,
				39C822ED20A8EE4C00D4B41A /* WorkoutSet.swift */,
				39C822EF20A8EEB700D4B41A /* Category.swift */,
				39C822F120A8EEF100D4B41A /* Exercice.swift */,
				39C822F320A8F05D00D4B41A /* Rep.swift */,
			);
			name = Models;
			sourceTree = "<group>";
		};
		39E320A922345BA500FFCBCD /* LiftrackerUITests */ = {
			isa = PBXGroup;
			children = (
				39E320AA22345BA500FFCBCD /* LiftrackerUITests.swift */,
				39E320AC22345BA500FFCBCD /* Info.plist */,
			);
			path = LiftrackerUITests;
			sourceTree = "<group>";
		};
		5222DCA51DA8A92D0072A4E1 /* UI */ = {
			isa = PBXGroup;
			children = (
				52BAB07F1D8F5DCB0051B064 /* Main.storyboard */,
				52838CA41DF4A59A00A940BA /* Home */,
				52EB95441DB160E100B01799 /* Workouts */,
			);
			name = UI;
			sourceTree = "<group>";
		};
		5222DCA61DA8A9350072A4E1 /* Data */ = {
			isa = PBXGroup;
			children = (
				39C822EA20A8EDF700D4B41A /* Models */,
				5247CF2D2027DEA300ED119D /* Day.swift */,
				52841AFF1E647C6700489ADF /* CoreDataManager.swift */,
				52841AF81E638CF300489ADF /* Schedule.swift */,
				39C822F520A8F19100D4B41A /* PromisedRealm.swift */,
			);
			name = Data;
			sourceTree = "<group>";
		};
		522F03FC1DADDF5D00560EBF /* Standard Result Types */ = {
			isa = PBXGroup;
			children = (
				522F03FD1DADDFB700560EBF /* SectionedResult.swift */,
			);
			name = "Standard Result Types";
			sourceTree = "<group>";
		};
		52375BAF1E62414F0052E119 /* Functional */ = {
			isa = PBXGroup;
			children = (
				52375BB01E6241770052E119 /* Promise+Applicative.swift */,
				52375BB11E6241770052E119 /* Promise+Functor.swift */,
				52375BB21E6241770052E119 /* Promise+Monad.swift */,
				398A9DB720A63AA200C140C1 /* Promise+Alternative.swift */,
				39E320B222345E3E00FFCBCD /* Promise+Subject.swift */,
			);
			name = Functional;
			sourceTree = "<group>";
		};
		52470E4A1E50FD0C00E54878 /* AppActions */ = {
			isa = PBXGroup;
			children = (
				52470E581E51091C00E54878 /* Actions */,
				52470E481E50FC2F00E54878 /* AppAction.swift */,
				52470E4B1E50FF9F00E54878 /* AppActions.swift */,
				52470E4D1E51047F00E54878 /* FirstLaunchAction.swift */,
			);
			name = AppActions;
			sourceTree = "<group>";
		};
		52470E511E51077900E54878 /* Key Value */ = {
			isa = PBXGroup;
			children = (
				5247CF2F2027DEB900ED119D /* UserDefaults+KVStore.swift */,
				5247CF252027DCBC00ED119D /* KVEntry.swift */,
				5247CF242027DCBC00ED119D /* KVStore.swift */,
				52470E561E51081C00E54878 /* LiftrackerPreferences.swift */,
			);
			name = "Key Value";
			sourceTree = "<group>";
		};
		52470E581E51091C00E54878 /* Actions */ = {
			isa = PBXGroup;
			children = (
				52470E591E510A0F00E54878 /* SetDefaultsAction.swift */,
			);
			name = Actions;
			sourceTree = "<group>";
		};
		52838CA41DF4A59A00A940BA /* Home */ = {
			isa = PBXGroup;
			children = (
				52838CAA1DF4AC1000A940BA /* HomeViewController.swift */,
			);
			name = Home;
			sourceTree = "<group>";
		};
		52BAB06F1D8F5DCB0051B064 = {
			isa = PBXGroup;
			children = (
				52BAB07A1D8F5DCB0051B064 /* Liftracker */,
				52BAB08F1D8F5DCB0051B064 /* LiftrackerTests */,
				39E320A922345BA500FFCBCD /* LiftrackerUITests */,
				52BAB0791D8F5DCB0051B064 /* Products */,
				ACF5FE732F1FDCF829BEEBBE /* Pods */,
				FF2D1F961125D4E8C30AB3E3 /* Frameworks */,
				398A9DEE20A6581900C140C1 /* Liftracker copy-Info.plist */,
				398A9E0420A7741F00C140C1 /* LiftrackerTests copy-Info.plist */,
			);
			sourceTree = "<group>";
		};
		52BAB0791D8F5DCB0051B064 /* Products */ = {
			isa = PBXGroup;
			children = (
				52BAB0781D8F5DCB0051B064 /* Liftracker.app */,
				52BAB08C1D8F5DCB0051B064 /* LiftrackerTests.xctest */,
				398A9E0320A7741E00C140C1 /* LiftrackerLongTests.xctest */,
				39E320A822345BA400FFCBCD /* LiftrackerUITests.xctest */,
			);
			name = Products;
			sourceTree = "<group>";
		};
		52BAB07A1D8F5DCB0051B064 /* Liftracker */ = {
			isa = PBXGroup;
			children = (
				52841AFB1E6476C900489ADF /* Liftracker2Model.xcdatamodeld */,
				52375BAF1E62414F0052E119 /* Functional */,
				52470E511E51077900E54878 /* Key Value */,
				52470E4A1E50FD0C00E54878 /* AppActions */,
				5222DCA61DA8A9350072A4E1 /* Data */,
				52E1DF2A1DADC60600269460 /* Scoring */,
				5222DCA51DA8A92D0072A4E1 /* UI */,
				52E1DF1F1DAB194400269460 /* Analytics */,
				52F5A21D1DA941FA005CB27B /* Notifications */,
				52BAB0C41D8F727E0051B064 /* Misc Utilities */,
				52BAB07B1D8F5DCB0051B064 /* AppDelegate.swift */,
				52BAB0821D8F5DCB0051B064 /* Assets.xcassets */,
				52BAB0841D8F5DCB0051B064 /* LaunchScreen.storyboard */,
				52BAB0871D8F5DCB0051B064 /* Info.plist */,
			);
			path = Liftracker;
			sourceTree = "<group>";
		};
		52BAB08F1D8F5DCB0051B064 /* LiftrackerTests */ = {
			isa = PBXGroup;
			children = (
				52DE3E93203A279200F2F0F9 /* QuickCheck */,
				52DCFD7220312BCB001D7DD0 /* specs */,
				52BAB0921D8F5DCB0051B064 /* Info.plist */,
				52F5A2201DA95275005CB27B /* ReflectionTests.swift */,
			);
			path = LiftrackerTests;
			sourceTree = "<group>";
		};
		52BAB0C41D8F727E0051B064 /* Misc Utilities */ = {
			isa = PBXGroup;
			children = (
				526250C5203D3D9E00E2795C /* LoggingUtil.swift */,
				52F5A21E1DA9446F005CB27B /* ReflectionUtil.swift */,
				52F5A2251DAAA2D6005CB27B /* FileUtil.swift */,
				52F5A2271DAAA528005CB27B /* BaseUtil.swift */,
				52375BC31E62935D0052E119 /* VersionUtil.swift */,
			);
			name = "Misc Utilities";
			sourceTree = "<group>";
		};
		52DCFD7220312BCB001D7DD0 /* specs */ = {
			isa = PBXGroup;
			children = (
				52DCFD7020312BBF001D7DD0 /* ScheduleSpec.swift */,
				526250C3203D333900E2795C /* KVSpec.swift */,
			);
			path = specs;
			sourceTree = "<group>";
		};
		52DE3E93203A279200F2F0F9 /* QuickCheck */ = {
			isa = PBXGroup;
			children = (
				52DCFD7320391E45001D7DD0 /* PromiseFunctorLaws.swift */,
				52DE3E94203A302100F2F0F9 /* Promise+SimpleEquality+Arbitrary.swift */,
				526250B7203A34D800E2795C /* PromiseApplicativeLaws.swift */,
				526250B9203B9FBA00E2795C /* PromiseMonadLaws.swift */,
				398A9DB920A64BDB00C140C1 /* PromiseAlternativeLaws.swift */,
			);
			path = QuickCheck;
			sourceTree = "<group>";
		};
		52E1DF1F1DAB194400269460 /* Analytics */ = {
			isa = PBXGroup;
			children = (
				522F03FC1DADDF5D00560EBF /* Standard Result Types */,
				52E1DF291DAB50D800269460 /* Artists */,
				52E1DF241DAB4FCE00269460 /* Analysts */,
				52E1DF201DAB389000269460 /* AnalystProtocols.swift */,
				52E1DF1D1DAB193500269460 /* AnalyticsUtil.swift */,
			);
			name = Analytics;
			sourceTree = "<group>";
		};
		52E1DF241DAB4FCE00269460 /* Analysts */ = {
			isa = PBXGroup;
			children = (
				52E1DF251DAB4FEB00269460 /* GroupAnalyst.swift */,
			);
			name = Analysts;
			sourceTree = "<group>";
		};
		52E1DF291DAB50D800269460 /* Artists */ = {
			isa = PBXGroup;
			children = (
				52E1DF271DAB502C00269460 /* PieChartArtist.swift */,
			);
			name = Artists;
			sourceTree = "<group>";
		};
		52E1DF2A1DADC60600269460 /* Scoring */ = {
			isa = PBXGroup;
			children = (
				52E1DF2B1DADC65500269460 /* Judge.swift */,
				52E1DF2D1DADC98D00269460 /* JudgePool.swift */,
			);
			name = Scoring;
			sourceTree = "<group>";
		};
		52EB95441DB160E100B01799 /* Workouts */ = {
			isa = PBXGroup;
			children = (
				52375BC51E634A130052E119 /* WorkoutTableViewController.swift */,
				52841B031E6E491000489ADF /* AddWorkoutViewController.swift */,
			);
			name = Workouts;
			sourceTree = "<group>";
		};
		52F5A21D1DA941FA005CB27B /* Notifications */ = {
			isa = PBXGroup;
			children = (
				52F5A21B1DA93EF0005CB27B /* NotificationUtil.swift */,
				52E1DF191DAAA6D700269460 /* LiftrackerNotification.swift */,
				52E1DF1B1DAAEBAF00269460 /* WorkoutNotification.swift */,
			);
			name = Notifications;
			sourceTree = "<group>";
		};
		ACF5FE732F1FDCF829BEEBBE /* Pods */ = {
			isa = PBXGroup;
			children = (
				9AB41938C40E927E8DB13011 /* Pods-Liftracker.debug.xcconfig */,
				5FC9D0A2544F3FD94FF0588B /* Pods-Liftracker.release.xcconfig */,
				90C81CE81769206316660D92 /* Pods-LiftrackerUITests.debug.xcconfig */,
				D940BC020EA5632E6935DE2F /* Pods-LiftrackerUITests.release.xcconfig */,
				3180D86B6F46B0071625FA26 /* Pods-LiftrackerTests.debug.xcconfig */,
				6D998CE97F57CBAF431C1D5B /* Pods-LiftrackerTests.release.xcconfig */,
				17C3165FBB4136626F20314C /* Pods-Liftracker-Tests-LiftrackerTests.debug.xcconfig */,
				81B9D3E0014F04289E568E41 /* Pods-Liftracker-Tests-LiftrackerTests.release.xcconfig */,
				460D3E10BC974A8C127A426F /* Pods-Liftracker-Tests-LiftrackerUITests.debug.xcconfig */,
				CD63658E3A91B1DA91FF058E /* Pods-Liftracker-Tests-LiftrackerUITests.release.xcconfig */,
				50BAB4F1FF2CD60B8A2F9801 /* Pods-Liftracker-Tests-LiftrackerLongTests.debug.xcconfig */,
				43D83FE4FE72C357F2579608 /* Pods-Liftracker-Tests-LiftrackerLongTests.release.xcconfig */,
			);
			name = Pods;
			sourceTree = "<group>";
		};
		FF2D1F961125D4E8C30AB3E3 /* Frameworks */ = {
			isa = PBXGroup;
			children = (
				B983B5DB6C47BE4DE1A7E0B9 /* Pods_Liftracker.framework */,
				8CD7FE95380F4CF4C80F64BE /* Pods_LiftrackerTests.framework */,
				53A9E45D9877A0CB88044751 /* Pods_LiftrackerUITests.framework */,
				55027E5DDE0C0116C82B1A1C /* Pods_Liftracker_Tests_LiftrackerTests.framework */,
				B35466CDBA0221B8AD2B3324 /* Pods_Liftracker_Tests_LiftrackerUITests.framework */,
				91B3F72BFA2CCFE2034FF319 /* Pods_Liftracker_Tests_LiftrackerLongTests.framework */,
			);
			name = Frameworks;
			sourceTree = "<group>";
		};
/* End PBXGroup section */

/* Begin PBXNativeTarget section */
		398A9DEF20A7741E00C140C1 /* LiftrackerLongTests */ = {
			isa = PBXNativeTarget;
			buildConfigurationList = 398A9E0020A7741E00C140C1 /* Build configuration list for PBXNativeTarget "LiftrackerLongTests" */;
			buildPhases = (
				0C019CFA226EFCAA2CD01641 /* [CP] Check Pods Manifest.lock */,
				398A9DF320A7741E00C140C1 /* Sources */,
				398A9DFC20A7741E00C140C1 /* Frameworks */,
				398A9DFE20A7741E00C140C1 /* Resources */,
				F5AE633573A9FD29EBB0FE81 /* [CP] Embed Pods Frameworks */,
			);
			buildRules = (
			);
			dependencies = (
				398A9DF020A7741E00C140C1 /* PBXTargetDependency */,
			);
			name = LiftrackerLongTests;
			productName = LiftrackerTests;
			productReference = 398A9E0320A7741E00C140C1 /* LiftrackerLongTests.xctest */;
			productType = "com.apple.product-type.bundle.unit-test";
		};
		39E320A722345BA400FFCBCD /* LiftrackerUITests */ = {
			isa = PBXNativeTarget;
			buildConfigurationList = 39E320B122345BA500FFCBCD /* Build configuration list for PBXNativeTarget "LiftrackerUITests" */;
			buildPhases = (
				F23E96FC931647DDA8A24286 /* [CP] Check Pods Manifest.lock */,
				39E320A422345BA400FFCBCD /* Sources */,
				39E320A522345BA400FFCBCD /* Frameworks */,
				39E320A622345BA400FFCBCD /* Resources */,
				C8852735F4291B99390CBFB9 /* [CP] Embed Pods Frameworks */,
			);
			buildRules = (
			);
			dependencies = (
				39E320AE22345BA500FFCBCD /* PBXTargetDependency */,
			);
			name = LiftrackerUITests;
			productName = LiftrackerUITests;
			productReference = 39E320A822345BA400FFCBCD /* LiftrackerUITests.xctest */;
			productType = "com.apple.product-type.bundle.ui-testing";
		};
		52BAB0771D8F5DCB0051B064 /* Liftracker */ = {
			isa = PBXNativeTarget;
			buildConfigurationList = 52BAB0A01D8F5DCB0051B064 /* Build configuration list for PBXNativeTarget "Liftracker" */;
			buildPhases = (
				8F48F80DF3EDE3A07F23ED1E /* [CP] Check Pods Manifest.lock */,
				52BAB0741D8F5DCB0051B064 /* Sources */,
				52BAB0751D8F5DCB0051B064 /* Frameworks */,
				52BAB0761D8F5DCB0051B064 /* Resources */,
				4AE39EE300179C05628A8EF9 /* [CP] Embed Pods Frameworks */,
				52BAB0A91D8F647E0051B064 /* ShellScript */,
			);
			buildRules = (
			);
			dependencies = (
			);
			name = Liftracker;
			productName = Liftracker;
			productReference = 52BAB0781D8F5DCB0051B064 /* Liftracker.app */;
			productType = "com.apple.product-type.application";
		};
		52BAB08B1D8F5DCB0051B064 /* LiftrackerTests */ = {
			isa = PBXNativeTarget;
			buildConfigurationList = 52BAB0A31D8F5DCB0051B064 /* Build configuration list for PBXNativeTarget "LiftrackerTests" */;
			buildPhases = (
				25CF93EC1B20FDDFF03FB465 /* [CP] Check Pods Manifest.lock */,
				52BAB0881D8F5DCB0051B064 /* Sources */,
				52BAB0891D8F5DCB0051B064 /* Frameworks */,
				52BAB08A1D8F5DCB0051B064 /* Resources */,
				A88DF316074F41534D087B5F /* [CP] Embed Pods Frameworks */,
			);
			buildRules = (
			);
			dependencies = (
				52BAB08E1D8F5DCB0051B064 /* PBXTargetDependency */,
			);
			name = LiftrackerTests;
			productName = LiftrackerTests;
			productReference = 52BAB08C1D8F5DCB0051B064 /* LiftrackerTests.xctest */;
			productType = "com.apple.product-type.bundle.unit-test";
		};
/* End PBXNativeTarget section */

/* Begin PBXProject section */
		52BAB0701D8F5DCB0051B064 /* Project object */ = {
			isa = PBXProject;
			attributes = {
				LastSwiftUpdateCheck = 1010;
				LastUpgradeCheck = 0930;
				ORGANIZATIONNAME = "John McAvey";
				TargetAttributes = {
					398A9DEF20A7741E00C140C1 = {
						DevelopmentTeam = VPWANFCTRJ;
					};
					39E320A722345BA400FFCBCD = {
						CreatedOnToolsVersion = 10.1;
						ProvisioningStyle = Automatic;
						TestTargetID = 52BAB0771D8F5DCB0051B064;
					};
					52BAB0771D8F5DCB0051B064 = {
						CreatedOnToolsVersion = 8.0;
						DevelopmentTeam = VPWANFCTRJ;
						LastSwiftMigration = 0800;
						ProvisioningStyle = Manual;
					};
					52BAB08B1D8F5DCB0051B064 = {
						CreatedOnToolsVersion = 8.0;
						DevelopmentTeam = VPWANFCTRJ;
						ProvisioningStyle = Manual;
						TestTargetID = 52BAB0771D8F5DCB0051B064;
					};
				};
			};
			buildConfigurationList = 52BAB0731D8F5DCB0051B064 /* Build configuration list for PBXProject "Liftracker" */;
			compatibilityVersion = "Xcode 3.2";
			developmentRegion = English;
			hasScannedForEncodings = 0;
			knownRegions = (
				en,
				Base,
			);
			mainGroup = 52BAB06F1D8F5DCB0051B064;
			productRefGroup = 52BAB0791D8F5DCB0051B064 /* Products */;
			projectDirPath = "";
			projectRoot = "";
			targets = (
				52BAB0771D8F5DCB0051B064 /* Liftracker */,
				52BAB08B1D8F5DCB0051B064 /* LiftrackerTests */,
				398A9DEF20A7741E00C140C1 /* LiftrackerLongTests */,
				39E320A722345BA400FFCBCD /* LiftrackerUITests */,
			);
		};
/* End PBXProject section */

/* Begin PBXResourcesBuildPhase section */
		398A9DFE20A7741E00C140C1 /* Resources */ = {
			isa = PBXResourcesBuildPhase;
			buildActionMask = 2147483647;
			files = (
			);
			runOnlyForDeploymentPostprocessing = 0;
		};
		39E320A622345BA400FFCBCD /* Resources */ = {
			isa = PBXResourcesBuildPhase;
			buildActionMask = 2147483647;
			files = (
			);
			runOnlyForDeploymentPostprocessing = 0;
		};
		52BAB0761D8F5DCB0051B064 /* Resources */ = {
			isa = PBXResourcesBuildPhase;
			buildActionMask = 2147483647;
			files = (
				52CC556F1DAAA609004211E6 /* Assets.xcassets in Resources */,
				52BAB0861D8F5DCB0051B064 /* LaunchScreen.storyboard in Resources */,
				52BAB0811D8F5DCB0051B064 /* Main.storyboard in Resources */,
			);
			runOnlyForDeploymentPostprocessing = 0;
		};
		52BAB08A1D8F5DCB0051B064 /* Resources */ = {
			isa = PBXResourcesBuildPhase;
			buildActionMask = 2147483647;
			files = (
			);
			runOnlyForDeploymentPostprocessing = 0;
		};
/* End PBXResourcesBuildPhase section */

/* Begin PBXShellScriptBuildPhase section */
		0C019CFA226EFCAA2CD01641 /* [CP] Check Pods Manifest.lock */ = {
			isa = PBXShellScriptBuildPhase;
			buildActionMask = 2147483647;
			files = (
			);
			inputPaths = (
				"${PODS_PODFILE_DIR_PATH}/Podfile.lock",
				"${PODS_ROOT}/Manifest.lock",
			);
			name = "[CP] Check Pods Manifest.lock";
			outputPaths = (
				"$(DERIVED_FILE_DIR)/Pods-Liftracker-Tests-LiftrackerLongTests-checkManifestLockResult.txt",
			);
			runOnlyForDeploymentPostprocessing = 0;
			shellPath = /bin/sh;
			shellScript = "diff \"${PODS_PODFILE_DIR_PATH}/Podfile.lock\" \"${PODS_ROOT}/Manifest.lock\" > /dev/null\nif [ $? != 0 ] ; then\n    # print error to STDERR\n    echo \"error: The sandbox is not in sync with the Podfile.lock. Run 'pod install' or update your CocoaPods installation.\" >&2\n    exit 1\nfi\n# This output is used by Xcode 'outputs' to avoid re-running this script phase.\necho \"SUCCESS\" > \"${SCRIPT_OUTPUT_FILE_0}\"\n";
			showEnvVarsInLog = 0;
		};
		25CF93EC1B20FDDFF03FB465 /* [CP] Check Pods Manifest.lock */ = {
			isa = PBXShellScriptBuildPhase;
			buildActionMask = 2147483647;
			files = (
			);
			inputPaths = (
				"${PODS_PODFILE_DIR_PATH}/Podfile.lock",
				"${PODS_ROOT}/Manifest.lock",
			);
			name = "[CP] Check Pods Manifest.lock";
			outputPaths = (
				"$(DERIVED_FILE_DIR)/Pods-Liftracker-Tests-LiftrackerTests-checkManifestLockResult.txt",
			);
			runOnlyForDeploymentPostprocessing = 0;
			shellPath = /bin/sh;
			shellScript = "diff \"${PODS_PODFILE_DIR_PATH}/Podfile.lock\" \"${PODS_ROOT}/Manifest.lock\" > /dev/null\nif [ $? != 0 ] ; then\n    # print error to STDERR\n    echo \"error: The sandbox is not in sync with the Podfile.lock. Run 'pod install' or update your CocoaPods installation.\" >&2\n    exit 1\nfi\n# This output is used by Xcode 'outputs' to avoid re-running this script phase.\necho \"SUCCESS\" > \"${SCRIPT_OUTPUT_FILE_0}\"\n";
			showEnvVarsInLog = 0;
		};
		4AE39EE300179C05628A8EF9 /* [CP] Embed Pods Frameworks */ = {
			isa = PBXShellScriptBuildPhase;
			buildActionMask = 2147483647;
			files = (
			);
			inputPaths = (
				"${PODS_ROOT}/Target Support Files/Pods-Liftracker/Pods-Liftracker-frameworks.sh",
				"${BUILT_PRODUCTS_DIR}/Bond/Bond.framework",
				"${BUILT_PRODUCTS_DIR}/Charts/Charts.framework",
				"${BUILT_PRODUCTS_DIR}/Curry/Curry.framework",
				"${BUILT_PRODUCTS_DIR}/Differ/Differ.framework",
				"${BUILT_PRODUCTS_DIR}/Eureka/Eureka.framework",
				"${BUILT_PRODUCTS_DIR}/PromiseKit/PromiseKit.framework",
				"${BUILT_PRODUCTS_DIR}/ReactiveKit/ReactiveKit.framework",
				"${BUILT_PRODUCTS_DIR}/Realm/Realm.framework",
				"${BUILT_PRODUCTS_DIR}/RealmSwift/RealmSwift.framework",
				"${BUILT_PRODUCTS_DIR}/Runes/Runes.framework",
				"${BUILT_PRODUCTS_DIR}/Swiftz/Swiftz.framework",
				"${BUILT_PRODUCTS_DIR}/XLForm/XLForm.framework",
			);
			name = "[CP] Embed Pods Frameworks";
			outputPaths = (
				"${TARGET_BUILD_DIR}/${FRAMEWORKS_FOLDER_PATH}/Bond.framework",
				"${TARGET_BUILD_DIR}/${FRAMEWORKS_FOLDER_PATH}/Charts.framework",
				"${TARGET_BUILD_DIR}/${FRAMEWORKS_FOLDER_PATH}/Curry.framework",
				"${TARGET_BUILD_DIR}/${FRAMEWORKS_FOLDER_PATH}/Differ.framework",
				"${TARGET_BUILD_DIR}/${FRAMEWORKS_FOLDER_PATH}/Eureka.framework",
				"${TARGET_BUILD_DIR}/${FRAMEWORKS_FOLDER_PATH}/PromiseKit.framework",
				"${TARGET_BUILD_DIR}/${FRAMEWORKS_FOLDER_PATH}/ReactiveKit.framework",
				"${TARGET_BUILD_DIR}/${FRAMEWORKS_FOLDER_PATH}/Realm.framework",
				"${TARGET_BUILD_DIR}/${FRAMEWORKS_FOLDER_PATH}/RealmSwift.framework",
				"${TARGET_BUILD_DIR}/${FRAMEWORKS_FOLDER_PATH}/Runes.framework",
				"${TARGET_BUILD_DIR}/${FRAMEWORKS_FOLDER_PATH}/Swiftz.framework",
				"${TARGET_BUILD_DIR}/${FRAMEWORKS_FOLDER_PATH}/XLForm.framework",
			);
			runOnlyForDeploymentPostprocessing = 0;
			shellPath = /bin/sh;
			shellScript = "\"${PODS_ROOT}/Target Support Files/Pods-Liftracker/Pods-Liftracker-frameworks.sh\"\n";
			showEnvVarsInLog = 0;
		};
		52BAB0A91D8F647E0051B064 /* ShellScript */ = {
			isa = PBXShellScriptBuildPhase;
			buildActionMask = 2147483647;
			files = (
			);
			inputPaths = (
			);
			outputPaths = (
			);
			runOnlyForDeploymentPostprocessing = 0;
			shellPath = /bin/sh;
			shellScript = "${PODS_ROOT}/Fabric/run f8fa7443668ecc5324b531e74085dd3f3ebeab3d 3ca668da2af7fd3a31a7a89f089812ebd270fafdc673d68a2bd705ccc6585f58";
		};
		8F48F80DF3EDE3A07F23ED1E /* [CP] Check Pods Manifest.lock */ = {
			isa = PBXShellScriptBuildPhase;
			buildActionMask = 2147483647;
			files = (
			);
			inputPaths = (
				"${PODS_PODFILE_DIR_PATH}/Podfile.lock",
				"${PODS_ROOT}/Manifest.lock",
			);
			name = "[CP] Check Pods Manifest.lock";
			outputPaths = (
				"$(DERIVED_FILE_DIR)/Pods-Liftracker-checkManifestLockResult.txt",
			);
			runOnlyForDeploymentPostprocessing = 0;
			shellPath = /bin/sh;
			shellScript = "diff \"${PODS_PODFILE_DIR_PATH}/Podfile.lock\" \"${PODS_ROOT}/Manifest.lock\" > /dev/null\nif [ $? != 0 ] ; then\n    # print error to STDERR\n    echo \"error: The sandbox is not in sync with the Podfile.lock. Run 'pod install' or update your CocoaPods installation.\" >&2\n    exit 1\nfi\n# This output is used by Xcode 'outputs' to avoid re-running this script phase.\necho \"SUCCESS\" > \"${SCRIPT_OUTPUT_FILE_0}\"\n";
			showEnvVarsInLog = 0;
		};
		A88DF316074F41534D087B5F /* [CP] Embed Pods Frameworks */ = {
			isa = PBXShellScriptBuildPhase;
			buildActionMask = 2147483647;
			files = (
			);
			inputPaths = (
				"${PODS_ROOT}/Target Support Files/Pods-Liftracker-Tests-LiftrackerTests/Pods-Liftracker-Tests-LiftrackerTests-frameworks.sh",
				"${BUILT_PRODUCTS_DIR}/Bond/Bond.framework",
				"${BUILT_PRODUCTS_DIR}/Charts/Charts.framework",
				"${BUILT_PRODUCTS_DIR}/Curry/Curry.framework",
				"${BUILT_PRODUCTS_DIR}/Differ/Differ.framework",
				"${BUILT_PRODUCTS_DIR}/Eureka/Eureka.framework",
				"${BUILT_PRODUCTS_DIR}/PromiseKit/PromiseKit.framework",
				"${BUILT_PRODUCTS_DIR}/ReactiveKit/ReactiveKit.framework",
				"${BUILT_PRODUCTS_DIR}/Realm/Realm.framework",
				"${BUILT_PRODUCTS_DIR}/RealmSwift/RealmSwift.framework",
				"${BUILT_PRODUCTS_DIR}/Runes/Runes.framework",
				"${BUILT_PRODUCTS_DIR}/Swiftz/Swiftz.framework",
				"${BUILT_PRODUCTS_DIR}/XLForm/XLForm.framework",
				"${BUILT_PRODUCTS_DIR}/Nimble/Nimble.framework",
				"${BUILT_PRODUCTS_DIR}/Quick/Quick.framework",
				"${BUILT_PRODUCTS_DIR}/SwiftCheck/SwiftCheck.framework",
			);
			name = "[CP] Embed Pods Frameworks";
			outputPaths = (
				"${TARGET_BUILD_DIR}/${FRAMEWORKS_FOLDER_PATH}/Bond.framework",
				"${TARGET_BUILD_DIR}/${FRAMEWORKS_FOLDER_PATH}/Charts.framework",
				"${TARGET_BUILD_DIR}/${FRAMEWORKS_FOLDER_PATH}/Curry.framework",
				"${TARGET_BUILD_DIR}/${FRAMEWORKS_FOLDER_PATH}/Differ.framework",
				"${TARGET_BUILD_DIR}/${FRAMEWORKS_FOLDER_PATH}/Eureka.framework",
				"${TARGET_BUILD_DIR}/${FRAMEWORKS_FOLDER_PATH}/PromiseKit.framework",
				"${TARGET_BUILD_DIR}/${FRAMEWORKS_FOLDER_PATH}/ReactiveKit.framework",
				"${TARGET_BUILD_DIR}/${FRAMEWORKS_FOLDER_PATH}/Realm.framework",
				"${TARGET_BUILD_DIR}/${FRAMEWORKS_FOLDER_PATH}/RealmSwift.framework",
				"${TARGET_BUILD_DIR}/${FRAMEWORKS_FOLDER_PATH}/Runes.framework",
				"${TARGET_BUILD_DIR}/${FRAMEWORKS_FOLDER_PATH}/Swiftz.framework",
				"${TARGET_BUILD_DIR}/${FRAMEWORKS_FOLDER_PATH}/XLForm.framework",
				"${TARGET_BUILD_DIR}/${FRAMEWORKS_FOLDER_PATH}/Nimble.framework",
				"${TARGET_BUILD_DIR}/${FRAMEWORKS_FOLDER_PATH}/Quick.framework",
				"${TARGET_BUILD_DIR}/${FRAMEWORKS_FOLDER_PATH}/SwiftCheck.framework",
			);
			runOnlyForDeploymentPostprocessing = 0;
			shellPath = /bin/sh;
			shellScript = "\"${PODS_ROOT}/Target Support Files/Pods-Liftracker-Tests-LiftrackerTests/Pods-Liftracker-Tests-LiftrackerTests-frameworks.sh\"\n";
			showEnvVarsInLog = 0;
		};
		C8852735F4291B99390CBFB9 /* [CP] Embed Pods Frameworks */ = {
			isa = PBXShellScriptBuildPhase;
			buildActionMask = 2147483647;
			files = (
			);
			inputPaths = (
				"${PODS_ROOT}/Target Support Files/Pods-Liftracker-Tests-LiftrackerUITests/Pods-Liftracker-Tests-LiftrackerUITests-frameworks.sh",
				"${BUILT_PRODUCTS_DIR}/Bond/Bond.framework",
				"${BUILT_PRODUCTS_DIR}/Charts/Charts.framework",
				"${BUILT_PRODUCTS_DIR}/Curry/Curry.framework",
				"${BUILT_PRODUCTS_DIR}/Differ/Differ.framework",
				"${BUILT_PRODUCTS_DIR}/Eureka/Eureka.framework",
				"${BUILT_PRODUCTS_DIR}/PromiseKit/PromiseKit.framework",
				"${BUILT_PRODUCTS_DIR}/ReactiveKit/ReactiveKit.framework",
				"${BUILT_PRODUCTS_DIR}/Realm/Realm.framework",
				"${BUILT_PRODUCTS_DIR}/RealmSwift/RealmSwift.framework",
				"${BUILT_PRODUCTS_DIR}/Runes/Runes.framework",
				"${BUILT_PRODUCTS_DIR}/Swiftz/Swiftz.framework",
				"${BUILT_PRODUCTS_DIR}/XLForm/XLForm.framework",
				"${BUILT_PRODUCTS_DIR}/Nimble/Nimble.framework",
				"${BUILT_PRODUCTS_DIR}/Quick/Quick.framework",
				"${BUILT_PRODUCTS_DIR}/SwiftCheck/SwiftCheck.framework",
			);
			name = "[CP] Embed Pods Frameworks";
			outputPaths = (
				"${TARGET_BUILD_DIR}/${FRAMEWORKS_FOLDER_PATH}/Bond.framework",
				"${TARGET_BUILD_DIR}/${FRAMEWORKS_FOLDER_PATH}/Charts.framework",
				"${TARGET_BUILD_DIR}/${FRAMEWORKS_FOLDER_PATH}/Curry.framework",
				"${TARGET_BUILD_DIR}/${FRAMEWORKS_FOLDER_PATH}/Differ.framework",
				"${TARGET_BUILD_DIR}/${FRAMEWORKS_FOLDER_PATH}/Eureka.framework",
				"${TARGET_BUILD_DIR}/${FRAMEWORKS_FOLDER_PATH}/PromiseKit.framework",
				"${TARGET_BUILD_DIR}/${FRAMEWORKS_FOLDER_PATH}/ReactiveKit.framework",
				"${TARGET_BUILD_DIR}/${FRAMEWORKS_FOLDER_PATH}/Realm.framework",
				"${TARGET_BUILD_DIR}/${FRAMEWORKS_FOLDER_PATH}/RealmSwift.framework",
				"${TARGET_BUILD_DIR}/${FRAMEWORKS_FOLDER_PATH}/Runes.framework",
				"${TARGET_BUILD_DIR}/${FRAMEWORKS_FOLDER_PATH}/Swiftz.framework",
				"${TARGET_BUILD_DIR}/${FRAMEWORKS_FOLDER_PATH}/XLForm.framework",
				"${TARGET_BUILD_DIR}/${FRAMEWORKS_FOLDER_PATH}/Nimble.framework",
				"${TARGET_BUILD_DIR}/${FRAMEWORKS_FOLDER_PATH}/Quick.framework",
				"${TARGET_BUILD_DIR}/${FRAMEWORKS_FOLDER_PATH}/SwiftCheck.framework",
			);
			runOnlyForDeploymentPostprocessing = 0;
			shellPath = /bin/sh;
			shellScript = "\"${PODS_ROOT}/Target Support Files/Pods-Liftracker-Tests-LiftrackerUITests/Pods-Liftracker-Tests-LiftrackerUITests-frameworks.sh\"\n";
			showEnvVarsInLog = 0;
		};
		F23E96FC931647DDA8A24286 /* [CP] Check Pods Manifest.lock */ = {
			isa = PBXShellScriptBuildPhase;
			buildActionMask = 2147483647;
			files = (
			);
			inputPaths = (
				"${PODS_PODFILE_DIR_PATH}/Podfile.lock",
				"${PODS_ROOT}/Manifest.lock",
			);
			name = "[CP] Check Pods Manifest.lock";
			outputPaths = (
				"$(DERIVED_FILE_DIR)/Pods-Liftracker-Tests-LiftrackerUITests-checkManifestLockResult.txt",
			);
			runOnlyForDeploymentPostprocessing = 0;
			shellPath = /bin/sh;
			shellScript = "diff \"${PODS_PODFILE_DIR_PATH}/Podfile.lock\" \"${PODS_ROOT}/Manifest.lock\" > /dev/null\nif [ $? != 0 ] ; then\n    # print error to STDERR\n    echo \"error: The sandbox is not in sync with the Podfile.lock. Run 'pod install' or update your CocoaPods installation.\" >&2\n    exit 1\nfi\n# This output is used by Xcode 'outputs' to avoid re-running this script phase.\necho \"SUCCESS\" > \"${SCRIPT_OUTPUT_FILE_0}\"\n";
			showEnvVarsInLog = 0;
		};
		F5AE633573A9FD29EBB0FE81 /* [CP] Embed Pods Frameworks */ = {
			isa = PBXShellScriptBuildPhase;
			buildActionMask = 2147483647;
			files = (
			);
			inputPaths = (
				"${PODS_ROOT}/Target Support Files/Pods-Liftracker-Tests-LiftrackerLongTests/Pods-Liftracker-Tests-LiftrackerLongTests-frameworks.sh",
				"${BUILT_PRODUCTS_DIR}/Bond/Bond.framework",
				"${BUILT_PRODUCTS_DIR}/Charts/Charts.framework",
				"${BUILT_PRODUCTS_DIR}/Curry/Curry.framework",
				"${BUILT_PRODUCTS_DIR}/Differ/Differ.framework",
				"${BUILT_PRODUCTS_DIR}/Eureka/Eureka.framework",
				"${BUILT_PRODUCTS_DIR}/PromiseKit/PromiseKit.framework",
				"${BUILT_PRODUCTS_DIR}/ReactiveKit/ReactiveKit.framework",
				"${BUILT_PRODUCTS_DIR}/Realm/Realm.framework",
				"${BUILT_PRODUCTS_DIR}/RealmSwift/RealmSwift.framework",
				"${BUILT_PRODUCTS_DIR}/Runes/Runes.framework",
				"${BUILT_PRODUCTS_DIR}/Swiftz/Swiftz.framework",
				"${BUILT_PRODUCTS_DIR}/XLForm/XLForm.framework",
				"${BUILT_PRODUCTS_DIR}/Nimble/Nimble.framework",
				"${BUILT_PRODUCTS_DIR}/Quick/Quick.framework",
				"${BUILT_PRODUCTS_DIR}/SwiftCheck/SwiftCheck.framework",
			);
			name = "[CP] Embed Pods Frameworks";
			outputPaths = (
				"${TARGET_BUILD_DIR}/${FRAMEWORKS_FOLDER_PATH}/Bond.framework",
				"${TARGET_BUILD_DIR}/${FRAMEWORKS_FOLDER_PATH}/Charts.framework",
				"${TARGET_BUILD_DIR}/${FRAMEWORKS_FOLDER_PATH}/Curry.framework",
				"${TARGET_BUILD_DIR}/${FRAMEWORKS_FOLDER_PATH}/Differ.framework",
				"${TARGET_BUILD_DIR}/${FRAMEWORKS_FOLDER_PATH}/Eureka.framework",
				"${TARGET_BUILD_DIR}/${FRAMEWORKS_FOLDER_PATH}/PromiseKit.framework",
				"${TARGET_BUILD_DIR}/${FRAMEWORKS_FOLDER_PATH}/ReactiveKit.framework",
				"${TARGET_BUILD_DIR}/${FRAMEWORKS_FOLDER_PATH}/Realm.framework",
				"${TARGET_BUILD_DIR}/${FRAMEWORKS_FOLDER_PATH}/RealmSwift.framework",
				"${TARGET_BUILD_DIR}/${FRAMEWORKS_FOLDER_PATH}/Runes.framework",
				"${TARGET_BUILD_DIR}/${FRAMEWORKS_FOLDER_PATH}/Swiftz.framework",
				"${TARGET_BUILD_DIR}/${FRAMEWORKS_FOLDER_PATH}/XLForm.framework",
				"${TARGET_BUILD_DIR}/${FRAMEWORKS_FOLDER_PATH}/Nimble.framework",
				"${TARGET_BUILD_DIR}/${FRAMEWORKS_FOLDER_PATH}/Quick.framework",
				"${TARGET_BUILD_DIR}/${FRAMEWORKS_FOLDER_PATH}/SwiftCheck.framework",
			);
			runOnlyForDeploymentPostprocessing = 0;
			shellPath = /bin/sh;
			shellScript = "\"${PODS_ROOT}/Target Support Files/Pods-Liftracker-Tests-LiftrackerLongTests/Pods-Liftracker-Tests-LiftrackerLongTests-frameworks.sh\"\n";
			showEnvVarsInLog = 0;
		};
/* End PBXShellScriptBuildPhase section */

/* Begin PBXSourcesBuildPhase section */
		398A9DF320A7741E00C140C1 /* Sources */ = {
			isa = PBXSourcesBuildPhase;
			buildActionMask = 2147483647;
			files = (
				398A9DF420A7741E00C140C1 /* ReflectionTests.swift in Sources */,
				398A9DF520A7741E00C140C1 /* PromiseApplicativeLaws.swift in Sources */,
				398A9DF620A7741E00C140C1 /* ScheduleSpec.swift in Sources */,
				398A9DF720A7741E00C140C1 /* PromiseFunctorLaws.swift in Sources */,
				398A9DF820A7741E00C140C1 /* PromiseAlternativeLaws.swift in Sources */,
				398A9DF920A7741E00C140C1 /* Promise+SimpleEquality+Arbitrary.swift in Sources */,
				398A9DFA20A7741E00C140C1 /* KVSpec.swift in Sources */,
				398A9DFB20A7741E00C140C1 /* PromiseMonadLaws.swift in Sources */,
			);
			runOnlyForDeploymentPostprocessing = 0;
		};
		39E320A422345BA400FFCBCD /* Sources */ = {
			isa = PBXSourcesBuildPhase;
			buildActionMask = 2147483647;
			files = (
				39E320AB22345BA500FFCBCD /* LiftrackerUITests.swift in Sources */,
			);
			runOnlyForDeploymentPostprocessing = 0;
		};
		52BAB0741D8F5DCB0051B064 /* Sources */ = {
			isa = PBXSourcesBuildPhase;
			buildActionMask = 2147483647;
			files = (
				52470E571E51081C00E54878 /* LiftrackerPreferences.swift in Sources */,
				39C822F220A8EEF100D4B41A /* Exercice.swift in Sources */,
				5247CF272027DCBC00ED119D /* KVEntry.swift in Sources */,
				52841AFD1E6476C900489ADF /* Liftracker2Model.xcdatamodeld in Sources */,
				52375BB71E6241770052E119 /* Promise+Monad.swift in Sources */,
				52375BC61E634A130052E119 /* WorkoutTableViewController.swift in Sources */,
				52841B001E647C6700489ADF /* CoreDataManager.swift in Sources */,
				52E1DF261DAB4FEB00269460 /* GroupAnalyst.swift in Sources */,
				52E1DF1E1DAB193500269460 /* AnalyticsUtil.swift in Sources */,
				52F5A21F1DA9446F005CB27B /* ReflectionUtil.swift in Sources */,
				52838CAB1DF4AC1000A940BA /* HomeViewController.swift in Sources */,
				52F5A2281DAAA528005CB27B /* BaseUtil.swift in Sources */,
				52E1DF1A1DAAA6D700269460 /* LiftrackerNotification.swift in Sources */,
				5247CF262027DCBC00ED119D /* KVStore.swift in Sources */,
				52F5A21C1DA93EF0005CB27B /* NotificationUtil.swift in Sources */,
				39C822EE20A8EE4C00D4B41A /* WorkoutSet.swift in Sources */,
				52E1DF281DAB502C00269460 /* PieChartArtist.swift in Sources */,
				52E1DF2E1DADC98D00269460 /* JudgePool.swift in Sources */,
				52470E491E50FC2F00E54878 /* AppAction.swift in Sources */,
				526250C6203D3D9E00E2795C /* LoggingUtil.swift in Sources */,
				52470E4E1E51047F00E54878 /* FirstLaunchAction.swift in Sources */,
				52841AF91E638CF300489ADF /* Schedule.swift in Sources */,
				52E1DF211DAB389000269460 /* AnalystProtocols.swift in Sources */,
				52375BB31E6241770052E119 /* Promise+Applicative.swift in Sources */,
				52375BB51E6241770052E119 /* Promise+Functor.swift in Sources */,
				39E320B322345E3E00FFCBCD /* Promise+Subject.swift in Sources */,
				52841B041E6E491000489ADF /* AddWorkoutViewController.swift in Sources */,
				39C822F620A8F19100D4B41A /* PromisedRealm.swift in Sources */,
				5247CF302027DEBA00ED119D /* UserDefaults+KVStore.swift in Sources */,
				398A9DB820A63AA200C140C1 /* Promise+Alternative.swift in Sources */,
				52E1DF2C1DADC65500269460 /* Judge.swift in Sources */,
				52470E5A1E510A0F00E54878 /* SetDefaultsAction.swift in Sources */,
				5247CF2E2027DEA300ED119D /* Day.swift in Sources */,
				522F03FE1DADDFB700560EBF /* SectionedResult.swift in Sources */,
				52375BC41E62935D0052E119 /* VersionUtil.swift in Sources */,
				39C822EC20A8EE0300D4B41A /* Workout.swift in Sources */,
				39C822F420A8F05D00D4B41A /* Rep.swift in Sources */,
				52F5A2261DAAA2D6005CB27B /* FileUtil.swift in Sources */,
				39C822F020A8EEB700D4B41A /* Category.swift in Sources */,
				52E1DF1C1DAAEBAF00269460 /* WorkoutNotification.swift in Sources */,
				52BAB07C1D8F5DCB0051B064 /* AppDelegate.swift in Sources */,
				52470E4C1E50FF9F00E54878 /* AppActions.swift in Sources */,
			);
			runOnlyForDeploymentPostprocessing = 0;
		};
		52BAB0881D8F5DCB0051B064 /* Sources */ = {
			isa = PBXSourcesBuildPhase;
			buildActionMask = 2147483647;
			files = (
				5247CF2A2027DDDA00ED119D /* ReflectionTests.swift in Sources */,
				526250B8203A34D800E2795C /* PromiseApplicativeLaws.swift in Sources */,
				52DCFD7120312BBF001D7DD0 /* ScheduleSpec.swift in Sources */,
				52DCFD7420391E45001D7DD0 /* PromiseFunctorLaws.swift in Sources */,
				398A9DBA20A64BDB00C140C1 /* PromiseAlternativeLaws.swift in Sources */,
				52DE3E95203A302100F2F0F9 /* Promise+SimpleEquality+Arbitrary.swift in Sources */,
				526250C4203D333900E2795C /* KVSpec.swift in Sources */,
				526250BA203B9FBA00E2795C /* PromiseMonadLaws.swift in Sources */,
			);
			runOnlyForDeploymentPostprocessing = 0;
		};
/* End PBXSourcesBuildPhase section */

/* Begin PBXTargetDependency section */
		398A9DF020A7741E00C140C1 /* PBXTargetDependency */ = {
			isa = PBXTargetDependency;
			target = 52BAB0771D8F5DCB0051B064 /* Liftracker */;
			targetProxy = 398A9DF120A7741E00C140C1 /* PBXContainerItemProxy */;
		};
		39E320AE22345BA500FFCBCD /* PBXTargetDependency */ = {
			isa = PBXTargetDependency;
			target = 52BAB0771D8F5DCB0051B064 /* Liftracker */;
			targetProxy = 39E320AD22345BA500FFCBCD /* PBXContainerItemProxy */;
		};
		52BAB08E1D8F5DCB0051B064 /* PBXTargetDependency */ = {
			isa = PBXTargetDependency;
			target = 52BAB0771D8F5DCB0051B064 /* Liftracker */;
			targetProxy = 52BAB08D1D8F5DCB0051B064 /* PBXContainerItemProxy */;
		};
/* End PBXTargetDependency section */

/* Begin PBXVariantGroup section */
		52BAB07F1D8F5DCB0051B064 /* Main.storyboard */ = {
			isa = PBXVariantGroup;
			children = (
				52BAB0801D8F5DCB0051B064 /* Base */,
			);
			name = Main.storyboard;
			sourceTree = "<group>";
		};
		52BAB0841D8F5DCB0051B064 /* LaunchScreen.storyboard */ = {
			isa = PBXVariantGroup;
			children = (
				52BAB0851D8F5DCB0051B064 /* Base */,
			);
			name = LaunchScreen.storyboard;
			sourceTree = "<group>";
		};
/* End PBXVariantGroup section */

/* Begin XCBuildConfiguration section */
		398A9E0120A7741E00C140C1 /* Debug */ = {
			isa = XCBuildConfiguration;
			baseConfigurationReference = 50BAB4F1FF2CD60B8A2F9801 /* Pods-Liftracker-Tests-LiftrackerLongTests.debug.xcconfig */;
			buildSettings = {
				ALWAYS_EMBED_SWIFT_STANDARD_LIBRARIES = YES;
				BUNDLE_LOADER = "$(TEST_HOST)";
				DEVELOPMENT_TEAM = VPWANFCTRJ;
				INFOPLIST_FILE = "LiftrackerTests copy-Info.plist";
				LD_RUNPATH_SEARCH_PATHS = "$(inherited) @executable_path/Frameworks @loader_path/Frameworks";
				PRODUCT_BUNDLE_IDENTIFIER = JM.LiftrackerTests;
				PRODUCT_NAME = "$(TARGET_NAME)";
				PROVISIONING_PROFILE_SPECIFIER = "";
				SWIFT_ACTIVE_COMPILATION_CONDITIONS = "DEBUG LARGE_TEST";
				SWIFT_VERSION = 4.2;
				TEST_HOST = "$(BUILT_PRODUCTS_DIR)/Liftracker.app/Liftracker";
			};
			name = Debug;
		};
		398A9E0220A7741E00C140C1 /* Release */ = {
			isa = XCBuildConfiguration;
			baseConfigurationReference = 43D83FE4FE72C357F2579608 /* Pods-Liftracker-Tests-LiftrackerLongTests.release.xcconfig */;
			buildSettings = {
				ALWAYS_EMBED_SWIFT_STANDARD_LIBRARIES = YES;
				BUNDLE_LOADER = "$(TEST_HOST)";
				DEVELOPMENT_TEAM = VPWANFCTRJ;
				INFOPLIST_FILE = "LiftrackerTests copy-Info.plist";
				LD_RUNPATH_SEARCH_PATHS = "$(inherited) @executable_path/Frameworks @loader_path/Frameworks";
				PRODUCT_BUNDLE_IDENTIFIER = JM.LiftrackerTests;
				PRODUCT_NAME = "$(TARGET_NAME)";
				PROVISIONING_PROFILE_SPECIFIER = "";
				SWIFT_VERSION = 4.2;
				TEST_HOST = "$(BUILT_PRODUCTS_DIR)/Liftracker.app/Liftracker";
			};
			name = Release;
		};
		39E320AF22345BA500FFCBCD /* Debug */ = {
			isa = XCBuildConfiguration;
			baseConfigurationReference = 460D3E10BC974A8C127A426F /* Pods-Liftracker-Tests-LiftrackerUITests.debug.xcconfig */;
			buildSettings = {
				CLANG_ANALYZER_NUMBER_OBJECT_CONVERSION = YES_AGGRESSIVE;
				CLANG_CXX_LANGUAGE_STANDARD = "gnu++14";
				CLANG_ENABLE_OBJC_WEAK = YES;
				CLANG_WARN_UNGUARDED_AVAILABILITY = YES_AGGRESSIVE;
				CODE_SIGN_IDENTITY = "iPhone Developer";
				CODE_SIGN_STYLE = Automatic;
				DEBUG_INFORMATION_FORMAT = dwarf;
				GCC_C_LANGUAGE_STANDARD = gnu11;
				INFOPLIST_FILE = LiftrackerUITests/Info.plist;
				IPHONEOS_DEPLOYMENT_TARGET = 12.1;
				LD_RUNPATH_SEARCH_PATHS = "$(inherited) @executable_path/Frameworks @loader_path/Frameworks";
				MTL_ENABLE_DEBUG_INFO = INCLUDE_SOURCE;
				MTL_FAST_MATH = YES;
				PRODUCT_BUNDLE_IDENTIFIER = com.mcavey.john.LiftrackerUITests;
				PRODUCT_NAME = "$(TARGET_NAME)";
				PROVISIONING_PROFILE = "cd0b36a7-b70f-4c5a-a47b-7bed4f3ef5e2";
				SWIFT_VERSION = 4.2;
				TARGETED_DEVICE_FAMILY = "1,2";
				TEST_TARGET_NAME = Liftracker;
			};
			name = Debug;
		};
		39E320B022345BA500FFCBCD /* Release */ = {
			isa = XCBuildConfiguration;
			baseConfigurationReference = CD63658E3A91B1DA91FF058E /* Pods-Liftracker-Tests-LiftrackerUITests.release.xcconfig */;
			buildSettings = {
				CLANG_ANALYZER_NUMBER_OBJECT_CONVERSION = YES_AGGRESSIVE;
				CLANG_CXX_LANGUAGE_STANDARD = "gnu++14";
				CLANG_ENABLE_OBJC_WEAK = YES;
				CLANG_WARN_UNGUARDED_AVAILABILITY = YES_AGGRESSIVE;
				CODE_SIGN_IDENTITY = "iPhone Developer";
				CODE_SIGN_STYLE = Automatic;
				GCC_C_LANGUAGE_STANDARD = gnu11;
				INFOPLIST_FILE = LiftrackerUITests/Info.plist;
				IPHONEOS_DEPLOYMENT_TARGET = 12.1;
				LD_RUNPATH_SEARCH_PATHS = "$(inherited) @executable_path/Frameworks @loader_path/Frameworks";
				MTL_FAST_MATH = YES;
				PRODUCT_BUNDLE_IDENTIFIER = com.mcavey.john.LiftrackerUITests;
				PRODUCT_NAME = "$(TARGET_NAME)";
				PROVISIONING_PROFILE = "cd0b36a7-b70f-4c5a-a47b-7bed4f3ef5e2";
				SWIFT_VERSION = 4.2;
				TARGETED_DEVICE_FAMILY = "1,2";
				TEST_TARGET_NAME = Liftracker;
			};
			name = Release;
		};
		52BAB09E1D8F5DCB0051B064 /* Debug */ = {
			isa = XCBuildConfiguration;
			buildSettings = {
				ALWAYS_SEARCH_USER_PATHS = NO;
				CLANG_ANALYZER_NONNULL = YES;
				CLANG_CXX_LANGUAGE_STANDARD = "gnu++0x";
				CLANG_CXX_LIBRARY = "libc++";
				CLANG_ENABLE_MODULES = YES;
				CLANG_ENABLE_OBJC_ARC = YES;
				CLANG_WARN_BLOCK_CAPTURE_AUTORELEASING = YES;
				CLANG_WARN_BOOL_CONVERSION = YES;
				CLANG_WARN_COMMA = YES;
				CLANG_WARN_CONSTANT_CONVERSION = YES;
				CLANG_WARN_DEPRECATED_OBJC_IMPLEMENTATIONS = YES;
				CLANG_WARN_DIRECT_OBJC_ISA_USAGE = YES_ERROR;
				CLANG_WARN_DOCUMENTATION_COMMENTS = YES;
				CLANG_WARN_EMPTY_BODY = YES;
				CLANG_WARN_ENUM_CONVERSION = YES;
				CLANG_WARN_INFINITE_RECURSION = YES;
				CLANG_WARN_INT_CONVERSION = YES;
				CLANG_WARN_NON_LITERAL_NULL_CONVERSION = YES;
				CLANG_WARN_OBJC_IMPLICIT_RETAIN_SELF = YES;
				CLANG_WARN_OBJC_LITERAL_CONVERSION = YES;
				CLANG_WARN_OBJC_ROOT_CLASS = YES_ERROR;
				CLANG_WARN_RANGE_LOOP_ANALYSIS = YES;
				CLANG_WARN_STRICT_PROTOTYPES = YES;
				CLANG_WARN_SUSPICIOUS_MOVE = YES;
				CLANG_WARN_SUSPICIOUS_MOVES = YES;
				CLANG_WARN_UNREACHABLE_CODE = YES;
				CLANG_WARN__DUPLICATE_METHOD_MATCH = YES;
				"CODE_SIGN_IDENTITY[sdk=iphoneos*]" = "iPhone Developer";
				COPY_PHASE_STRIP = NO;
				DEBUG_INFORMATION_FORMAT = "dwarf-with-dsym";
				ENABLE_STRICT_OBJC_MSGSEND = YES;
				ENABLE_TESTABILITY = YES;
				GCC_C_LANGUAGE_STANDARD = gnu99;
				GCC_DYNAMIC_NO_PIC = NO;
				GCC_NO_COMMON_BLOCKS = YES;
				GCC_OPTIMIZATION_LEVEL = 0;
				GCC_PREPROCESSOR_DEFINITIONS = (
					"DEBUG=1",
					"$(inherited)",
				);
				GCC_WARN_64_TO_32_BIT_CONVERSION = YES;
				GCC_WARN_ABOUT_RETURN_TYPE = YES_ERROR;
				GCC_WARN_UNDECLARED_SELECTOR = YES;
				GCC_WARN_UNINITIALIZED_AUTOS = YES_AGGRESSIVE;
				GCC_WARN_UNUSED_FUNCTION = YES;
				GCC_WARN_UNUSED_VARIABLE = YES;
				IPHONEOS_DEPLOYMENT_TARGET = 10.0;
				MTL_ENABLE_DEBUG_INFO = YES;
				ONLY_ACTIVE_ARCH = YES;
				SDKROOT = iphoneos;
				SWIFT_ACTIVE_COMPILATION_CONDITIONS = DEBUG;
				SWIFT_OPTIMIZATION_LEVEL = "-Onone";
			};
			name = Debug;
		};
		52BAB09F1D8F5DCB0051B064 /* Release */ = {
			isa = XCBuildConfiguration;
			buildSettings = {
				ALWAYS_SEARCH_USER_PATHS = NO;
				CLANG_ANALYZER_NONNULL = YES;
				CLANG_CXX_LANGUAGE_STANDARD = "gnu++0x";
				CLANG_CXX_LIBRARY = "libc++";
				CLANG_ENABLE_MODULES = YES;
				CLANG_ENABLE_OBJC_ARC = YES;
				CLANG_WARN_BLOCK_CAPTURE_AUTORELEASING = YES;
				CLANG_WARN_BOOL_CONVERSION = YES;
				CLANG_WARN_COMMA = YES;
				CLANG_WARN_CONSTANT_CONVERSION = YES;
				CLANG_WARN_DEPRECATED_OBJC_IMPLEMENTATIONS = YES;
				CLANG_WARN_DIRECT_OBJC_ISA_USAGE = YES_ERROR;
				CLANG_WARN_DOCUMENTATION_COMMENTS = YES;
				CLANG_WARN_EMPTY_BODY = YES;
				CLANG_WARN_ENUM_CONVERSION = YES;
				CLANG_WARN_INFINITE_RECURSION = YES;
				CLANG_WARN_INT_CONVERSION = YES;
				CLANG_WARN_NON_LITERAL_NULL_CONVERSION = YES;
				CLANG_WARN_OBJC_IMPLICIT_RETAIN_SELF = YES;
				CLANG_WARN_OBJC_LITERAL_CONVERSION = YES;
				CLANG_WARN_OBJC_ROOT_CLASS = YES_ERROR;
				CLANG_WARN_RANGE_LOOP_ANALYSIS = YES;
				CLANG_WARN_STRICT_PROTOTYPES = YES;
				CLANG_WARN_SUSPICIOUS_MOVE = YES;
				CLANG_WARN_SUSPICIOUS_MOVES = YES;
				CLANG_WARN_UNREACHABLE_CODE = YES;
				CLANG_WARN__DUPLICATE_METHOD_MATCH = YES;
				"CODE_SIGN_IDENTITY[sdk=iphoneos*]" = "iPhone Developer";
				COPY_PHASE_STRIP = NO;
				DEBUG_INFORMATION_FORMAT = "dwarf-with-dsym";
				ENABLE_NS_ASSERTIONS = NO;
				ENABLE_STRICT_OBJC_MSGSEND = YES;
				GCC_C_LANGUAGE_STANDARD = gnu99;
				GCC_NO_COMMON_BLOCKS = YES;
				GCC_WARN_64_TO_32_BIT_CONVERSION = YES;
				GCC_WARN_ABOUT_RETURN_TYPE = YES_ERROR;
				GCC_WARN_UNDECLARED_SELECTOR = YES;
				GCC_WARN_UNINITIALIZED_AUTOS = YES_AGGRESSIVE;
				GCC_WARN_UNUSED_FUNCTION = YES;
				GCC_WARN_UNUSED_VARIABLE = YES;
				IPHONEOS_DEPLOYMENT_TARGET = 10.0;
				MTL_ENABLE_DEBUG_INFO = NO;
				SDKROOT = iphoneos;
				SWIFT_OPTIMIZATION_LEVEL = "-Owholemodule";
				VALIDATE_PRODUCT = YES;
			};
			name = Release;
		};
		52BAB0A11D8F5DCB0051B064 /* Debug */ = {
			isa = XCBuildConfiguration;
			baseConfigurationReference = 9AB41938C40E927E8DB13011 /* Pods-Liftracker.debug.xcconfig */;
			buildSettings = {
				ALWAYS_EMBED_SWIFT_STANDARD_LIBRARIES = YES;
				ALWAYS_SEARCH_USER_PATHS = NO;
				ASSETCATALOG_COMPILER_APPICON_NAME = AppIcon;
				CLANG_ENABLE_MODULES = YES;
				CURRENT_PROJECT_VERSION = 1552168187;
				DEVELOPMENT_TEAM = VPWANFCTRJ;
				INFOPLIST_FILE = Liftracker/Info.plist;
				IPHONEOS_DEPLOYMENT_TARGET = 10.0;
				LD_RUNPATH_SEARCH_PATHS = "$(inherited) @executable_path/Frameworks";
				OTHER_SWIFT_FLAGS = "$(inherited) \"-D\" \"COCOAPODS\"";
				PRODUCT_BUNDLE_IDENTIFIER = com.liftracker.2;
				PRODUCT_NAME = "$(TARGET_NAME)";
				PROVISIONING_PROFILE = "a333f5f4-dd13-4c5a-a4bc-f20c38627bb0";
				PROVISIONING_PROFILE_SPECIFIER = "match Development com.liftracker.2";
				SWIFT_ACTIVE_COMPILATION_CONDITIONS = "DEBUG INFO WARNING ERROR VERBOSE";
				SWIFT_OBJC_BRIDGING_HEADER = "";
				SWIFT_OPTIMIZATION_LEVEL = "-Onone";
				SWIFT_VERSION = 4.2;
				VERSIONING_SYSTEM = "apple-generic";
			};
			name = Debug;
		};
		52BAB0A21D8F5DCB0051B064 /* Release */ = {
			isa = XCBuildConfiguration;
			baseConfigurationReference = 5FC9D0A2544F3FD94FF0588B /* Pods-Liftracker.release.xcconfig */;
			buildSettings = {
				ALWAYS_EMBED_SWIFT_STANDARD_LIBRARIES = YES;
				ALWAYS_SEARCH_USER_PATHS = NO;
				ASSETCATALOG_COMPILER_APPICON_NAME = AppIcon;
				CLANG_ENABLE_MODULES = YES;
				"CODE_SIGN_IDENTITY[sdk=iphoneos*]" = "iPhone Distribution";
				CURRENT_PROJECT_VERSION = 1552168187;
				DEVELOPMENT_TEAM = VPWANFCTRJ;
				INFOPLIST_FILE = Liftracker/Info.plist;
				IPHONEOS_DEPLOYMENT_TARGET = 10.0;
				LD_RUNPATH_SEARCH_PATHS = "$(inherited) @executable_path/Frameworks";
				PRODUCT_BUNDLE_IDENTIFIER = com.liftracker.2;
				PRODUCT_NAME = "$(TARGET_NAME)";
				PROVISIONING_PROFILE = "cd0b36a7-b70f-4c5a-a47b-7bed4f3ef5e2";
				PROVISIONING_PROFILE_SPECIFIER = "match AppStore com.liftracker.2";
				SWIFT_ACTIVE_COMPILATION_CONDITIONS = "ERROR WARNING";
				SWIFT_OBJC_BRIDGING_HEADER = "";
				SWIFT_VERSION = 4.2;
				VERSIONING_SYSTEM = "apple-generic";
			};
			name = Release;
		};
		52BAB0A41D8F5DCB0051B064 /* Debug */ = {
			isa = XCBuildConfiguration;
			baseConfigurationReference = 17C3165FBB4136626F20314C /* Pods-Liftracker-Tests-LiftrackerTests.debug.xcconfig */;
			buildSettings = {
				ALWAYS_EMBED_SWIFT_STANDARD_LIBRARIES = YES;
				BUNDLE_LOADER = "$(TEST_HOST)";
				DEVELOPMENT_TEAM = VPWANFCTRJ;
				INFOPLIST_FILE = LiftrackerTests/Info.plist;
				LD_RUNPATH_SEARCH_PATHS = "$(inherited) @executable_path/Frameworks @loader_path/Frameworks";
				PRODUCT_BUNDLE_IDENTIFIER = JM.LiftrackerTests;
				PRODUCT_NAME = "$(TARGET_NAME)";
				PROVISIONING_PROFILE_SPECIFIER = "";
				SWIFT_VERSION = 4.2;
				TEST_HOST = "$(BUILT_PRODUCTS_DIR)/Liftracker.app/Liftracker";
			};
			name = Debug;
		};
		52BAB0A51D8F5DCB0051B064 /* Release */ = {
			isa = XCBuildConfiguration;
			baseConfigurationReference = 81B9D3E0014F04289E568E41 /* Pods-Liftracker-Tests-LiftrackerTests.release.xcconfig */;
			buildSettings = {
				ALWAYS_EMBED_SWIFT_STANDARD_LIBRARIES = YES;
				BUNDLE_LOADER = "$(TEST_HOST)";
				DEVELOPMENT_TEAM = VPWANFCTRJ;
				INFOPLIST_FILE = LiftrackerTests/Info.plist;
				LD_RUNPATH_SEARCH_PATHS = "$(inherited) @executable_path/Frameworks @loader_path/Frameworks";
				PRODUCT_BUNDLE_IDENTIFIER = JM.LiftrackerTests;
				PRODUCT_NAME = "$(TARGET_NAME)";
				PROVISIONING_PROFILE_SPECIFIER = "";
				SWIFT_VERSION = 4.2;
				TEST_HOST = "$(BUILT_PRODUCTS_DIR)/Liftracker.app/Liftracker";
			};
			name = Release;
		};
/* End XCBuildConfiguration section */

/* Begin XCConfigurationList section */
		398A9E0020A7741E00C140C1 /* Build configuration list for PBXNativeTarget "LiftrackerLongTests" */ = {
			isa = XCConfigurationList;
			buildConfigurations = (
				398A9E0120A7741E00C140C1 /* Debug */,
				398A9E0220A7741E00C140C1 /* Release */,
			);
			defaultConfigurationIsVisible = 0;
			defaultConfigurationName = Release;
		};
		39E320B122345BA500FFCBCD /* Build configuration list for PBXNativeTarget "LiftrackerUITests" */ = {
			isa = XCConfigurationList;
			buildConfigurations = (
				39E320AF22345BA500FFCBCD /* Debug */,
				39E320B022345BA500FFCBCD /* Release */,
			);
			defaultConfigurationIsVisible = 0;
			defaultConfigurationName = Release;
		};
		52BAB0731D8F5DCB0051B064 /* Build configuration list for PBXProject "Liftracker" */ = {
			isa = XCConfigurationList;
			buildConfigurations = (
				52BAB09E1D8F5DCB0051B064 /* Debug */,
				52BAB09F1D8F5DCB0051B064 /* Release */,
			);
			defaultConfigurationIsVisible = 0;
			defaultConfigurationName = Release;
		};
		52BAB0A01D8F5DCB0051B064 /* Build configuration list for PBXNativeTarget "Liftracker" */ = {
			isa = XCConfigurationList;
			buildConfigurations = (
				52BAB0A11D8F5DCB0051B064 /* Debug */,
				52BAB0A21D8F5DCB0051B064 /* Release */,
			);
			defaultConfigurationIsVisible = 0;
			defaultConfigurationName = Release;
		};
		52BAB0A31D8F5DCB0051B064 /* Build configuration list for PBXNativeTarget "LiftrackerTests" */ = {
			isa = XCConfigurationList;
			buildConfigurations = (
				52BAB0A41D8F5DCB0051B064 /* Debug */,
				52BAB0A51D8F5DCB0051B064 /* Release */,
			);
			defaultConfigurationIsVisible = 0;
			defaultConfigurationName = Release;
		};
/* End XCConfigurationList section */

/* Begin XCVersionGroup section */
		52841AFB1E6476C900489ADF /* Liftracker2Model.xcdatamodeld */ = {
			isa = XCVersionGroup;
			children = (
				52841AFC1E6476C900489ADF /* Liftracker2Model.xcdatamodel */,
			);
			currentVersion = 52841AFC1E6476C900489ADF /* Liftracker2Model.xcdatamodel */;
			path = Liftracker2Model.xcdatamodeld;
			sourceTree = "<group>";
			versionGroupType = wrapper.xcdatamodel;
		};
/* End XCVersionGroup section */
	};
	rootObject = 52BAB0701D8F5DCB0051B064 /* Project object */;
}
